
Microsoft Visual Studio Solution File, Format Version 12.00
# Visual Studio Version 17
VisualStudioVersion = 17.0.31903.59
MinimumVisualStudioVersion = 10.0.40219.1
Project("{2150E333-8FDC-42A3-9474-1A3956D46DE8}") = "src", "src", "{827E0CD3-B72D-47B6-A68D-7590B98EB39B}"
EndProject
Project("{2150E333-8FDC-42A3-9474-1A3956D46DE8}") = "Shared", "Shared", "{C8E42992-5E42-0C2B-DBFE-AA848D06431C}"
EndProject
Project("{FAE04EC0-301F-11D3-BF4B-00C04F79EFBC}") = "EduPlatform.Shared.Domain", "src\Shared\EduPlatform.Shared.Domain\EduPlatform.Shared.Domain.csproj", "{CD5AEE3D-2B83-451E-B7AA-7C165D6685E0}"
EndProject
Project("{FAE04EC0-301F-11D3-BF4B-00C04F79EFBC}") = "EduPlatform.Shared.Application", "src\Shared\EduPlatform.Shared.Application\EduPlatform.Shared.Application.csproj", "{29224194-8C9B-4531-A6FC-686F76E621B7}"
EndProject
Project("{FAE04EC0-301F-11D3-BF4B-00C04F79EFBC}") = "EduPlatform.Shared.Infrastructure", "src\Shared\EduPlatform.Shared.Infrastructure\EduPlatform.Shared.Infrastructure.csproj", "{6736E4DC-A576-424D-8E71-FDC0407001B5}"
EndProject
Project("{2150E333-8FDC-42A3-9474-1A3956D46DE8}") = "Host", "Host", "{981C2CF6-E5BB-602A-511C-234B538302B0}"
EndProject
Project("{FAE04EC0-301F-11D3-BF4B-00C04F79EFBC}") = "EduPlatform.Host", "src\Host\EduPlatform.Host.csproj", "{066E1429-F5BC-46B2-89A4-37FC45667EF7}"
EndProject
Project("{2150E333-8FDC-42A3-9474-1A3956D46DE8}") = "Modules", "Modules", "{EC447DCF-ABFA-6E24-52A5-D7FD48A5C558}"
EndProject
Project("{2150E333-8FDC-42A3-9474-1A3956D46DE8}") = "Auth", "Auth", "{E9D55F35-C373-3DD8-6914-3213F2F582A2}"
EndProject
Project("{FAE04EC0-301F-11D3-BF4B-00C04F79EFBC}") = "Auth.Domain", "src\Modules\Auth\Auth.Domain\Auth.Domain.csproj", "{707E10CC-7C94-4EC7-88F6-6C219207FAB8}"
EndProject
Project("{FAE04EC0-301F-11D3-BF4B-00C04F79EFBC}") = "Auth.Application", "src\Modules\Auth\Auth.Application\Auth.Application.csproj", "{91270CE6-F937-47F9-A69B-7C66C800B336}"
EndProject
Project("{FAE04EC0-301F-11D3-BF4B-00C04F79EFBC}") = "Auth.Infrastructure", "src\Modules\Auth\Auth.Infrastructure\Auth.Infrastructure.csproj", "{BFF0DDB2-E15A-4830-B848-F344992F38F4}"
EndProject
Project("{2150E333-8FDC-42A3-9474-1A3956D46DE8}") = "Courses", "Courses", "{27907D55-A44A-5A35-09B9-3AB81630FA56}"
EndProject
Project("{FAE04EC0-301F-11D3-BF4B-00C04F79EFBC}") = "Courses.Domain", "src\Modules\Courses\Courses.Domain\Courses.Domain.csproj", "{0A241CE1-2229-4D81-88C5-C27F2A18B4E4}"
EndProject
Project("{FAE04EC0-301F-11D3-BF4B-00C04F79EFBC}") = "Courses.Application", "src\Modules\Courses\Courses.Application\Courses.Application.csproj", "{8B08A515-FB60-4916-B95E-90C2CD64D7AE}"
EndProject
Project("{FAE04EC0-301F-11D3-BF4B-00C04F79EFBC}") = "Courses.Infrastructure", "src\Modules\Courses\Courses.Infrastructure\Courses.Infrastructure.csproj", "{874154F3-E597-4188-9FD0-D7B0A8867D27}"
EndProject
Project("{2150E333-8FDC-42A3-9474-1A3956D46DE8}") = "Content", "Content", "{D2F8383C-F49B-E551-32D9-8814458A6CFF}"
EndProject
Project("{FAE04EC0-301F-11D3-BF4B-00C04F79EFBC}") = "Content.Domain", "src\Modules\Content\Content.Domain\Content.Domain.csproj", "{3429464F-4CA2-4BE8-917A-85FB5F581968}"
EndProject
Project("{FAE04EC0-301F-11D3-BF4B-00C04F79EFBC}") = "Content.Application", "src\Modules\Content\Content.Application\Content.Application.csproj", "{0D28E7C4-0E57-4B4F-BF99-5E4604A577E7}"
EndProject
Project("{FAE04EC0-301F-11D3-BF4B-00C04F79EFBC}") = "Content.Infrastructure", "src\Modules\Content\Content.Infrastructure\Content.Infrastructure.csproj", "{7CEF7EDC-D81C-41FA-B5B3-B13C796356DF}"
EndProject
Global
	GlobalSection(SolutionConfigurationPlatforms) = preSolution
		Debug|Any CPU = Debug|Any CPU
		Debug|x64 = Debug|x64
		Debug|x86 = Debug|x86
		Release|Any CPU = Release|Any CPU
		Release|x64 = Release|x64
		Release|x86 = Release|x86
	EndGlobalSection
	GlobalSection(ProjectConfigurationPlatforms) = postSolution
		{CD5AEE3D-2B83-451E-B7AA-7C165D6685E0}.Debug|Any CPU.ActiveCfg = Debug|Any CPU
		{CD5AEE3D-2B83-451E-B7AA-7C165D6685E0}.Debug|Any CPU.Build.0 = Debug|Any CPU
		{CD5AEE3D-2B83-451E-B7AA-7C165D6685E0}.Debug|x64.ActiveCfg = Debug|Any CPU
		{CD5AEE3D-2B83-451E-B7AA-7C165D6685E0}.Debug|x64.Build.0 = Debug|Any CPU
		{CD5AEE3D-2B83-451E-B7AA-7C165D6685E0}.Debug|x86.ActiveCfg = Debug|Any CPU
		{CD5AEE3D-2B83-451E-B7AA-7C165D6685E0}.Debug|x86.Build.0 = Debug|Any CPU
		{CD5AEE3D-2B83-451E-B7AA-7C165D6685E0}.Release|Any CPU.ActiveCfg = Release|Any CPU
		{CD5AEE3D-2B83-451E-B7AA-7C165D6685E0}.Release|Any CPU.Build.0 = Release|Any CPU
		{CD5AEE3D-2B83-451E-B7AA-7C165D6685E0}.Release|x64.ActiveCfg = Release|Any CPU
		{CD5AEE3D-2B83-451E-B7AA-7C165D6685E0}.Release|x64.Build.0 = Release|Any CPU
		{CD5AEE3D-2B83-451E-B7AA-7C165D6685E0}.Release|x86.ActiveCfg = Release|Any CPU
		{CD5AEE3D-2B83-451E-B7AA-7C165D6685E0}.Release|x86.Build.0 = Release|Any CPU
		{29224194-8C9B-4531-A6FC-686F76E621B7}.Debug|Any CPU.ActiveCfg = Debug|Any CPU
		{29224194-8C9B-4531-A6FC-686F76E621B7}.Debug|Any CPU.Build.0 = Debug|Any CPU
		{29224194-8C9B-4531-A6FC-686F76E621B7}.Debug|x64.ActiveCfg = Debug|Any CPU
		{29224194-8C9B-4531-A6FC-686F76E621B7}.Debug|x64.Build.0 = Debug|Any CPU
		{29224194-8C9B-4531-A6FC-686F76E621B7}.Debug|x86.ActiveCfg = Debug|Any CPU
		{29224194-8C9B-4531-A6FC-686F76E621B7}.Debug|x86.Build.0 = Debug|Any CPU
		{29224194-8C9B-4531-A6FC-686F76E621B7}.Release|Any CPU.ActiveCfg = Release|Any CPU
		{29224194-8C9B-4531-A6FC-686F76E621B7}.Release|Any CPU.Build.0 = Release|Any CPU
		{29224194-8C9B-4531-A6FC-686F76E621B7}.Release|x64.ActiveCfg = Release|Any CPU
		{29224194-8C9B-4531-A6FC-686F76E621B7}.Release|x64.Build.0 = Release|Any CPU
		{29224194-8C9B-4531-A6FC-686F76E621B7}.Release|x86.ActiveCfg = Release|Any CPU
		{29224194-8C9B-4531-A6FC-686F76E621B7}.Release|x86.Build.0 = Release|Any CPU
		{6736E4DC-A576-424D-8E71-FDC0407001B5}.Debug|Any CPU.ActiveCfg = Debug|Any CPU
		{6736E4DC-A576-424D-8E71-FDC0407001B5}.Debug|Any CPU.Build.0 = Debug|Any CPU
		{6736E4DC-A576-424D-8E71-FDC0407001B5}.Debug|x64.ActiveCfg = Debug|Any CPU
		{6736E4DC-A576-424D-8E71-FDC0407001B5}.Debug|x64.Build.0 = Debug|Any CPU
		{6736E4DC-A576-424D-8E71-FDC0407001B5}.Debug|x86.ActiveCfg = Debug|Any CPU
		{6736E4DC-A576-424D-8E71-FDC0407001B5}.Debug|x86.Build.0 = Debug|Any CPU
		{6736E4DC-A576-424D-8E71-FDC0407001B5}.Release|Any CPU.ActiveCfg = Release|Any CPU
		{6736E4DC-A576-424D-8E71-FDC0407001B5}.Release|Any CPU.Build.0 = Release|Any CPU
		{6736E4DC-A576-424D-8E71-FDC0407001B5}.Release|x64.ActiveCfg = Release|Any CPU
		{6736E4DC-A576-424D-8E71-FDC0407001B5}.Release|x64.Build.0 = Release|Any CPU
		{6736E4DC-A576-424D-8E71-FDC0407001B5}.Release|x86.ActiveCfg = Release|Any CPU
		{6736E4DC-A576-424D-8E71-FDC0407001B5}.Release|x86.Build.0 = Release|Any CPU
		{066E1429-F5BC-46B2-89A4-37FC45667EF7}.Debug|Any CPU.ActiveCfg = Debug|Any CPU
		{066E1429-F5BC-46B2-89A4-37FC45667EF7}.Debug|Any CPU.Build.0 = Debug|Any CPU
		{066E1429-F5BC-46B2-89A4-37FC45667EF7}.Debug|x64.ActiveCfg = Debug|Any CPU
		{066E1429-F5BC-46B2-89A4-37FC45667EF7}.Debug|x64.Build.0 = Debug|Any CPU
		{066E1429-F5BC-46B2-89A4-37FC45667EF7}.Debug|x86.ActiveCfg = Debug|Any CPU
		{066E1429-F5BC-46B2-89A4-37FC45667EF7}.Debug|x86.Build.0 = Debug|Any CPU
		{066E1429-F5BC-46B2-89A4-37FC45667EF7}.Release|Any CPU.ActiveCfg = Release|Any CPU
		{066E1429-F5BC-46B2-89A4-37FC45667EF7}.Release|Any CPU.Build.0 = Release|Any CPU
		{066E1429-F5BC-46B2-89A4-37FC45667EF7}.Release|x64.ActiveCfg = Release|Any CPU
		{066E1429-F5BC-46B2-89A4-37FC45667EF7}.Release|x64.Build.0 = Release|Any CPU
		{066E1429-F5BC-46B2-89A4-37FC45667EF7}.Release|x86.ActiveCfg = Release|Any CPU
		{066E1429-F5BC-46B2-89A4-37FC45667EF7}.Release|x86.Build.0 = Release|Any CPU
		{707E10CC-7C94-4EC7-88F6-6C219207FAB8}.Debug|Any CPU.ActiveCfg = Debug|Any CPU
		{707E10CC-7C94-4EC7-88F6-6C219207FAB8}.Debug|Any CPU.Build.0 = Debug|Any CPU
		{707E10CC-7C94-4EC7-88F6-6C219207FAB8}.Debug|x64.ActiveCfg = Debug|Any CPU
		{707E10CC-7C94-4EC7-88F6-6C219207FAB8}.Debug|x64.Build.0 = Debug|Any CPU
		{707E10CC-7C94-4EC7-88F6-6C219207FAB8}.Debug|x86.ActiveCfg = Debug|Any CPU
		{707E10CC-7C94-4EC7-88F6-6C219207FAB8}.Debug|x86.Build.0 = Debug|Any CPU
		{707E10CC-7C94-4EC7-88F6-6C219207FAB8}.Release|Any CPU.ActiveCfg = Release|Any CPU
		{707E10CC-7C94-4EC7-88F6-6C219207FAB8}.Release|Any CPU.Build.0 = Release|Any CPU
		{707E10CC-7C94-4EC7-88F6-6C219207FAB8}.Release|x64.ActiveCfg = Release|Any CPU
		{707E10CC-7C94-4EC7-88F6-6C219207FAB8}.Release|x64.Build.0 = Release|Any CPU
		{707E10CC-7C94-4EC7-88F6-6C219207FAB8}.Release|x86.ActiveCfg = Release|Any CPU
		{707E10CC-7C94-4EC7-88F6-6C219207FAB8}.Release|x86.Build.0 = Release|Any CPU
		{91270CE6-F937-47F9-A69B-7C66C800B336}.Debug|Any CPU.ActiveCfg = Debug|Any CPU
		{91270CE6-F937-47F9-A69B-7C66C800B336}.Debug|Any CPU.Build.0 = Debug|Any CPU
		{91270CE6-F937-47F9-A69B-7C66C800B336}.Debug|x64.ActiveCfg = Debug|Any CPU
		{91270CE6-F937-47F9-A69B-7C66C800B336}.Debug|x64.Build.0 = Debug|Any CPU
		{91270CE6-F937-47F9-A69B-7C66C800B336}.Debug|x86.ActiveCfg = Debug|Any CPU
		{91270CE6-F937-47F9-A69B-7C66C800B336}.Debug|x86.Build.0 = Debug|Any CPU
		{91270CE6-F937-47F9-A69B-7C66C800B336}.Release|Any CPU.ActiveCfg = Release|Any CPU
		{91270CE6-F937-47F9-A69B-7C66C800B336}.Release|Any CPU.Build.0 = Release|Any CPU
		{91270CE6-F937-47F9-A69B-7C66C800B336}.Release|x64.ActiveCfg = Release|Any CPU
		{91270CE6-F937-47F9-A69B-7C66C800B336}.Release|x64.Build.0 = Release|Any CPU
		{91270CE6-F937-47F9-A69B-7C66C800B336}.Release|x86.ActiveCfg = Release|Any CPU
		{91270CE6-F937-47F9-A69B-7C66C800B336}.Release|x86.Build.0 = Release|Any CPU
		{BFF0DDB2-E15A-4830-B848-F344992F38F4}.Debug|Any CPU.ActiveCfg = Debug|Any CPU
		{BFF0DDB2-E15A-4830-B848-F344992F38F4}.Debug|Any CPU.Build.0 = Debug|Any CPU
		{BFF0DDB2-E15A-4830-B848-F344992F38F4}.Debug|x64.ActiveCfg = Debug|Any CPU
		{BFF0DDB2-E15A-4830-B848-F344992F38F4}.Debug|x64.Build.0 = Debug|Any CPU
		{BFF0DDB2-E15A-4830-B848-F344992F38F4}.Debug|x86.ActiveCfg = Debug|Any CPU
		{BFF0DDB2-E15A-4830-B848-F344992F38F4}.Debug|x86.Build.0 = Debug|Any CPU
		{BFF0DDB2-E15A-4830-B848-F344992F38F4}.Release|Any CPU.ActiveCfg = Release|Any CPU
		{BFF0DDB2-E15A-4830-B848-F344992F38F4}.Release|Any CPU.Build.0 = Release|Any CPU
		{BFF0DDB2-E15A-4830-B848-F344992F38F4}.Release|x64.ActiveCfg = Release|Any CPU
		{BFF0DDB2-E15A-4830-B848-F344992F38F4}.Release|x64.Build.0 = Release|Any CPU
		{BFF0DDB2-E15A-4830-B848-F344992F38F4}.Release|x86.ActiveCfg = Release|Any CPU
		{BFF0DDB2-E15A-4830-B848-F344992F38F4}.Release|x86.Build.0 = Release|Any CPU
		{0A241CE1-2229-4D81-88C5-C27F2A18B4E4}.Debug|Any CPU.ActiveCfg = Debug|Any CPU
		{0A241CE1-2229-4D81-88C5-C27F2A18B4E4}.Debug|Any CPU.Build.0 = Debug|Any CPU
		{0A241CE1-2229-4D81-88C5-C27F2A18B4E4}.Debug|x64.ActiveCfg = Debug|Any CPU
		{0A241CE1-2229-4D81-88C5-C27F2A18B4E4}.Debug|x64.Build.0 = Debug|Any CPU
		{0A241CE1-2229-4D81-88C5-C27F2A18B4E4}.Debug|x86.ActiveCfg = Debug|Any CPU
		{0A241CE1-2229-4D81-88C5-C27F2A18B4E4}.Debug|x86.Build.0 = Debug|Any CPU
		{0A241CE1-2229-4D81-88C5-C27F2A18B4E4}.Release|Any CPU.ActiveCfg = Release|Any CPU
		{0A241CE1-2229-4D81-88C5-C27F2A18B4E4}.Release|Any CPU.Build.0 = Release|Any CPU
		{0A241CE1-2229-4D81-88C5-C27F2A18B4E4}.Release|x64.ActiveCfg = Release|Any CPU
		{0A241CE1-2229-4D81-88C5-C27F2A18B4E4}.Release|x64.Build.0 = Release|Any CPU
		{0A241CE1-2229-4D81-88C5-C27F2A18B4E4}.Release|x86.ActiveCfg = Release|Any CPU
		{0A241CE1-2229-4D81-88C5-C27F2A18B4E4}.Release|x86.Build.0 = Release|Any CPU
		{8B08A515-FB60-4916-B95E-90C2CD64D7AE}.Debug|Any CPU.ActiveCfg = Debug|Any CPU
		{8B08A515-FB60-4916-B95E-90C2CD64D7AE}.Debug|Any CPU.Build.0 = Debug|Any CPU
		{8B08A515-FB60-4916-B95E-90C2CD64D7AE}.Debug|x64.ActiveCfg = Debug|Any CPU
		{8B08A515-FB60-4916-B95E-90C2CD64D7AE}.Debug|x64.Build.0 = Debug|Any CPU
		{8B08A515-FB60-4916-B95E-90C2CD64D7AE}.Debug|x86.ActiveCfg = Debug|Any CPU
		{8B08A515-FB60-4916-B95E-90C2CD64D7AE}.Debug|x86.Build.0 = Debug|Any CPU
		{8B08A515-FB60-4916-B95E-90C2CD64D7AE}.Release|Any CPU.ActiveCfg = Release|Any CPU
		{8B08A515-FB60-4916-B95E-90C2CD64D7AE}.Release|Any CPU.Build.0 = Release|Any CPU
		{8B08A515-FB60-4916-B95E-90C2CD64D7AE}.Release|x64.ActiveCfg = Release|Any CPU
		{8B08A515-FB60-4916-B95E-90C2CD64D7AE}.Release|x64.Build.0 = Release|Any CPU
		{8B08A515-FB60-4916-B95E-90C2CD64D7AE}.Release|x86.ActiveCfg = Release|Any CPU
		{8B08A515-FB60-4916-B95E-90C2CD64D7AE}.Release|x86.Build.0 = Release|Any CPU
		{874154F3-E597-4188-9FD0-D7B0A8867D27}.Debug|Any CPU.ActiveCfg = Debug|Any CPU
		{874154F3-E597-4188-9FD0-D7B0A8867D27}.Debug|Any CPU.Build.0 = Debug|Any CPU
		{874154F3-E597-4188-9FD0-D7B0A8867D27}.Debug|x64.ActiveCfg = Debug|Any CPU
		{874154F3-E597-4188-9FD0-D7B0A8867D27}.Debug|x64.Build.0 = Debug|Any CPU
		{874154F3-E597-4188-9FD0-D7B0A8867D27}.Debug|x86.ActiveCfg = Debug|Any CPU
		{874154F3-E597-4188-9FD0-D7B0A8867D27}.Debug|x86.Build.0 = Debug|Any CPU
		{874154F3-E597-4188-9FD0-D7B0A8867D27}.Release|Any CPU.ActiveCfg = Release|Any CPU
		{874154F3-E597-4188-9FD0-D7B0A8867D27}.Release|Any CPU.Build.0 = Release|Any CPU
		{874154F3-E597-4188-9FD0-D7B0A8867D27}.Release|x64.ActiveCfg = Release|Any CPU
		{874154F3-E597-4188-9FD0-D7B0A8867D27}.Release|x64.Build.0 = Release|Any CPU
		{874154F3-E597-4188-9FD0-D7B0A8867D27}.Release|x86.ActiveCfg = Release|Any CPU
		{874154F3-E597-4188-9FD0-D7B0A8867D27}.Release|x86.Build.0 = Release|Any CPU
		{3429464F-4CA2-4BE8-917A-85FB5F581968}.Debug|Any CPU.ActiveCfg = Debug|Any CPU
		{3429464F-4CA2-4BE8-917A-85FB5F581968}.Debug|Any CPU.Build.0 = Debug|Any CPU
		{3429464F-4CA2-4BE8-917A-85FB5F581968}.Debug|x64.ActiveCfg = Debug|Any CPU
		{3429464F-4CA2-4BE8-917A-85FB5F581968}.Debug|x64.Build.0 = Debug|Any CPU
		{3429464F-4CA2-4BE8-917A-85FB5F581968}.Debug|x86.ActiveCfg = Debug|Any CPU
		{3429464F-4CA2-4BE8-917A-85FB5F581968}.Debug|x86.Build.0 = Debug|Any CPU
		{3429464F-4CA2-4BE8-917A-85FB5F581968}.Release|Any CPU.ActiveCfg = Release|Any CPU
		{3429464F-4CA2-4BE8-917A-85FB5F581968}.Release|Any CPU.Build.0 = Release|Any CPU
		{3429464F-4CA2-4BE8-917A-85FB5F581968}.Release|x64.ActiveCfg = Release|Any CPU
		{3429464F-4CA2-4BE8-917A-85FB5F581968}.Release|x64.Build.0 = Release|Any CPU
		{3429464F-4CA2-4BE8-917A-85FB5F581968}.Release|x86.ActiveCfg = Release|Any CPU
		{3429464F-4CA2-4BE8-917A-85FB5F581968}.Release|x86.Build.0 = Release|Any CPU
		{0D28E7C4-0E57-4B4F-BF99-5E4604A577E7}.Debug|Any CPU.ActiveCfg = Debug|Any CPU
		{0D28E7C4-0E57-4B4F-BF99-5E4604A577E7}.Debug|Any CPU.Build.0 = Debug|Any CPU
		{0D28E7C4-0E57-4B4F-BF99-5E4604A577E7}.Debug|x64.ActiveCfg = Debug|Any CPU
		{0D28E7C4-0E57-4B4F-BF99-5E4604A577E7}.Debug|x64.Build.0 = Debug|Any CPU
		{0D28E7C4-0E57-4B4F-BF99-5E4604A577E7}.Debug|x86.ActiveCfg = Debug|Any CPU
		{0D28E7C4-0E57-4B4F-BF99-5E4604A577E7}.Debug|x86.Build.0 = Debug|Any CPU
		{0D28E7C4-0E57-4B4F-BF99-5E4604A577E7}.Release|Any CPU.ActiveCfg = Release|Any CPU
		{0D28E7C4-0E57-4B4F-BF99-5E4604A577E7}.Release|Any CPU.Build.0 = Release|Any CPU
		{0D28E7C4-0E57-4B4F-BF99-5E4604A577E7}.Release|x64.ActiveCfg = Release|Any CPU
		{0D28E7C4-0E57-4B4F-BF99-5E4604A577E7}.Release|x64.Build.0 = Release|Any CPU
		{0D28E7C4-0E57-4B4F-BF99-5E4604A577E7}.Release|x86.ActiveCfg = Release|Any CPU
		{0D28E7C4-0E57-4B4F-BF99-5E4604A577E7}.Release|x86.Build.0 = Release|Any CPU
		{7CEF7EDC-D81C-41FA-B5B3-B13C796356DF}.Debug|Any CPU.ActiveCfg = Debug|Any CPU
		{7CEF7EDC-D81C-41FA-B5B3-B13C796356DF}.Debug|Any CPU.Build.0 = Debug|Any CPU
		{7CEF7EDC-D81C-41FA-B5B3-B13C796356DF}.Debug|x64.ActiveCfg = Debug|Any CPU
		{7CEF7EDC-D81C-41FA-B5B3-B13C796356DF}.Debug|x64.Build.0 = Debug|Any CPU
		{7CEF7EDC-D81C-41FA-B5B3-B13C796356DF}.Debug|x86.ActiveCfg = Debug|Any CPU
		{7CEF7EDC-D81C-41FA-B5B3-B13C796356DF}.Debug|x86.Build.0 = Debug|Any CPU
		{7CEF7EDC-D81C-41FA-B5B3-B13C796356DF}.Release|Any CPU.ActiveCfg = Release|Any CPU
		{7CEF7EDC-D81C-41FA-B5B3-B13C796356DF}.Release|Any CPU.Build.0 = Release|Any CPU
		{7CEF7EDC-D81C-41FA-B5B3-B13C796356DF}.Release|x64.ActiveCfg = Release|Any CPU
		{7CEF7EDC-D81C-41FA-B5B3-B13C796356DF}.Release|x64.Build.0 = Release|Any CPU
		{7CEF7EDC-D81C-41FA-B5B3-B13C796356DF}.Release|x86.ActiveCfg = Release|Any CPU
		{7CEF7EDC-D81C-41FA-B5B3-B13C796356DF}.Release|x86.Build.0 = Release|Any CPU
	EndGlobalSection
	GlobalSection(SolutionProperties) = preSolution
		HideSolutionNode = FALSE
	EndGlobalSection
	GlobalSection(NestedProjects) = preSolution
		{C8E42992-5E42-0C2B-DBFE-AA848D06431C} = {827E0CD3-B72D-47B6-A68D-7590B98EB39B}
		{CD5AEE3D-2B83-451E-B7AA-7C165D6685E0} = {C8E42992-5E42-0C2B-DBFE-AA848D06431C}
		{29224194-8C9B-4531-A6FC-686F76E621B7} = {C8E42992-5E42-0C2B-DBFE-AA848D06431C}
		{6736E4DC-A576-424D-8E71-FDC0407001B5} = {C8E42992-5E42-0C2B-DBFE-AA848D06431C}
		{981C2CF6-E5BB-602A-511C-234B538302B0} = {827E0CD3-B72D-47B6-A68D-7590B98EB39B}
		{066E1429-F5BC-46B2-89A4-37FC45667EF7} = {981C2CF6-E5BB-602A-511C-234B538302B0}
		{EC447DCF-ABFA-6E24-52A5-D7FD48A5C558} = {827E0CD3-B72D-47B6-A68D-7590B98EB39B}
		{E9D55F35-C373-3DD8-6914-3213F2F582A2} = {EC447DCF-ABFA-6E24-52A5-D7FD48A5C558}
		{707E10CC-7C94-4EC7-88F6-6C219207FAB8} = {E9D55F35-C373-3DD8-6914-3213F2F582A2}
		{91270CE6-F937-47F9-A69B-7C66C800B336} = {E9D55F35-C373-3DD8-6914-3213F2F582A2}
		{BFF0DDB2-E15A-4830-B848-F344992F38F4} = {E9D55F35-C373-3DD8-6914-3213F2F582A2}
		{27907D55-A44A-5A35-09B9-3AB81630FA56} = {EC447DCF-ABFA-6E24-52A5-D7FD48A5C558}
		{0A241CE1-2229-4D81-88C5-C27F2A18B4E4} = {27907D55-A44A-5A35-09B9-3AB81630FA56}
		{8B08A515-FB60-4916-B95E-90C2CD64D7AE} = {27907D55-A44A-5A35-09B9-3AB81630FA56}
		{874154F3-E597-4188-9FD0-D7B0A8867D27} = {27907D55-A44A-5A35-09B9-3AB81630FA56}
		{D2F8383C-F49B-E551-32D9-8814458A6CFF} = {EC447DCF-ABFA-6E24-52A5-D7FD48A5C558}
		{3429464F-4CA2-4BE8-917A-85FB5F581968} = {D2F8383C-F49B-E551-32D9-8814458A6CFF}
		{0D28E7C4-0E57-4B4F-BF99-5E4604A577E7} = {D2F8383C-F49B-E551-32D9-8814458A6CFF}
		{7CEF7EDC-D81C-41FA-B5B3-B13C796356DF} = {D2F8383C-F49B-E551-32D9-8814458A6CFF}
	EndGlobalSection
EndGlobal
