
Microsoft Visual Studio Solution File, Format Version 12.00
# Visual Studio Version 17
VisualStudioVersion = 17.0.31903.59
MinimumVisualStudioVersion = 10.0.40219.1
Project("{2150E333-8FDC-42A3-9474-1A3956D46DE8}") = "src", "src", "{827E0CD3-B72D-47B6-A68D-7590B98EB39B}"
EndProject
Project("{2150E333-8FDC-42A3-9474-1A3956D46DE8}") = "Shared", "Shared", "{C8E42992-5E42-0C2B-DBFE-AA848D06431C}"
EndProject
Project("{FAE04EC0-301F-11D3-BF4B-00C04F79EFBC}") = "EduPlatform.Shared.Domain", "src\Shared\EduPlatform.Shared.Domain\EduPlatform.Shared.Domain.csproj", "{CD5AEE3D-2B83-451E-B7AA-7C165D6685E0}"
EndProject
Project("{FAE04EC0-301F-11D3-BF4B-00C04F79EFBC}") = "EduPlatform.Shared.Application", "src\Shared\EduPlatform.Shared.Application\EduPlatform.Shared.Application.csproj", "{29224194-8C9B-4531-A6FC-686F76E621B7}"
EndProject
Project("{FAE04EC0-301F-11D3-BF4B-00C04F79EFBC}") = "EduPlatform.Shared.Infrastructure", "src\Shared\EduPlatform.Shared.Infrastructure\EduPlatform.Shared.Infrastructure.csproj", "{6736E4DC-A576-424D-8E71-FDC0407001B5}"
EndProject
Project("{2150E333-8FDC-42A3-9474-1A3956D46DE8}") = "Host", "Host", "{981C2CF6-E5BB-602A-511C-234B538302B0}"
EndProject
Project("{FAE04EC0-301F-11D3-BF4B-00C04F79EFBC}") = "EduPlatform.Host", "src\Host\EduPlatform.Host.csproj", "{066E1429-F5BC-46B2-89A4-37FC45667EF7}"
EndProject
Project("{2150E333-8FDC-42A3-9474-1A3956D46DE8}") = "Modules", "Modules", "{EC447DCF-ABFA-6E24-52A5-D7FD48A5C558}"
EndProject
Project("{2150E333-8FDC-42A3-9474-1A3956D46DE8}") = "Auth", "Auth", "{E9D55F35-C373-3DD8-6914-3213F2F582A2}"
EndProject
Project("{FAE04EC0-301F-11D3-BF4B-00C04F79EFBC}") = "Auth.Domain", "src\Modules\Auth\Auth.Domain\Auth.Domain.csproj", "{707E10CC-7C94-4EC7-88F6-6C219207FAB8}"
EndProject
Project("{FAE04EC0-301F-11D3-BF4B-00C04F79EFBC}") = "Auth.Application", "src\Modules\Auth\Auth.Application\Auth.Application.csproj", "{91270CE6-F937-47F9-A69B-7C66C800B336}"
EndProject
Project("{FAE04EC0-301F-11D3-BF4B-00C04F79EFBC}") = "Auth.Infrastructure", "src\Modules\Auth\Auth.Infrastructure\Auth.Infrastructure.csproj", "{BFF0DDB2-E15A-4830-B848-F344992F38F4}"
EndProject
Project("{2150E333-8FDC-42A3-9474-1A3956D46DE8}") = "Courses", "Courses", "{27907D55-A44A-5A35-09B9-3AB81630FA56}"
EndProject
Project("{FAE04EC0-301F-11D3-BF4B-00C04F79EFBC}") = "Courses.Domain", "src\Modules\Courses\Courses.Domain\Courses.Domain.csproj", "{0A241CE1-2229-4D81-88C5-C27F2A18B4E4}"
EndProject
Project("{FAE04EC0-301F-11D3-BF4B-00C04F79EFBC}") = "Courses.Application", "src\Modules\Courses\Courses.Application\Courses.Application.csproj", "{8B08A515-FB60-4916-B95E-90C2CD64D7AE}"
EndProject
Project("{FAE04EC0-301F-11D3-BF4B-00C04F79EFBC}") = "Courses.Infrastructure", "src\Modules\Courses\Courses.Infrastructure\Courses.Infrastructure.csproj", "{874154F3-E597-4188-9FD0-D7B0A8867D27}"
EndProject
Project("{2150E333-8FDC-42A3-9474-1A3956D46DE8}") = "Content", "Content", "{D2F8383C-F49B-E551-32D9-8814458A6CFF}"
EndProject
Project("{FAE04EC0-301F-11D3-BF4B-00C04F79EFBC}") = "Content.Domain", "src\Modules\Content\Content.Domain\Content.Domain.csproj", "{3429464F-4CA2-4BE8-917A-85FB5F581968}"
EndProject
Project("{FAE04EC0-301F-11D3-BF4B-00C04F79EFBC}") = "Content.Application", "src\Modules\Content\Content.Application\Content.Application.csproj", "{0D28E7C4-0E57-4B4F-BF99-5E4604A577E7}"
EndProject
Project("{FAE04EC0-301F-11D3-BF4B-00C04F79EFBC}") = "Content.Infrastructure", "src\Modules\Content\Content.Infrastructure\Content.Infrastructure.csproj", "{7CEF7EDC-D81C-41FA-B5B3-B13C796356DF}"
EndProject
Project("{2150E333-8FDC-42A3-9474-1A3956D46DE8}") = "Tests", "Tests", "{DDF7BF9C-A3C2-D9F4-F1D8-46671EA26A02}"
EndProject
Project("{FAE04EC0-301F-11D3-BF4B-00C04F79EFBC}") = "Tests.Domain", "src\Modules\Tests\Tests.Domain\Tests.Domain.csproj", "{B8E6D267-DE7E-4935-A119-6C81C315B9D1}"
EndProject
Project("{FAE04EC0-301F-11D3-BF4B-00C04F79EFBC}") = "Tests.Application", "src\Modules\Tests\Tests.Application\Tests.Application.csproj", "{79769293-DB65-4D07-8C5C-7C18C8D7E21C}"
EndProject
Project("{FAE04EC0-301F-11D3-BF4B-00C04F79EFBC}") = "Tests.Infrastructure", "src\Modules\Tests\Tests.Infrastructure\Tests.Infrastructure.csproj", "{60F4DDD4-D212-4FEE-81AA-F0A7F54BBEE7}"
EndProject
Project("{2150E333-8FDC-42A3-9474-1A3956D46DE8}") = "Assignments", "Assignments", "{168C9317-FB28-2408-3100-20CFA97C32F3}"
EndProject
Project("{FAE04EC0-301F-11D3-BF4B-00C04F79EFBC}") = "Assignments.Domain", "src\Modules\Assignments\Assignments.Domain\Assignments.Domain.csproj", "{B8C436C3-F26A-4AA8-9AD8-173EA428739C}"
EndProject
Project("{FAE04EC0-301F-11D3-BF4B-00C04F79EFBC}") = "Assignments.Application", "src\Modules\Assignments\Assignments.Application\Assignments.Application.csproj", "{6C98A470-C33B-4C0C-822E-FAD813F7032C}"
EndProject
Project("{FAE04EC0-301F-11D3-BF4B-00C04F79EFBC}") = "Assignments.Infrastructure", "src\Modules\Assignments\Assignments.Infrastructure\Assignments.Infrastructure.csproj", "{3E933813-8206-4479-AC56-2F7D5808C72D}"
EndProject
Project("{2150E333-8FDC-42A3-9474-1A3956D46DE8}") = "Grading", "Grading", "{414B713F-FA25-1BA1-595D-DE7CD7CA5AA6}"
EndProject
Project("{FAE04EC0-301F-11D3-BF4B-00C04F79EFBC}") = "Grading.Domain", "src\Modules\Grading\Grading.Domain\Grading.Domain.csproj", "{AF931488-9CF7-4475-9AC3-7A0059E9D95D}"
EndProject
Project("{FAE04EC0-301F-11D3-BF4B-00C04F79EFBC}") = "Grading.Application", "src\Modules\Grading\Grading.Application\Grading.Application.csproj", "{53C89DF8-2122-41D2-9CE8-DD1BCAD77EF6}"
EndProject
Project("{FAE04EC0-301F-11D3-BF4B-00C04F79EFBC}") = "Grading.Infrastructure", "src\Modules\Grading\Grading.Infrastructure\Grading.Infrastructure.csproj", "{93EB282D-47F2-4D31-BED6-1F6DD790E30B}"
EndProject
Project("{2150E333-8FDC-42A3-9474-1A3956D46DE8}") = "Progress", "Progress", "{AD9694EB-6942-0466-21B9-6932650ACE5B}"
EndProject
Project("{FAE04EC0-301F-11D3-BF4B-00C04F79EFBC}") = "Progress.Domain", "src\Modules\Progress\Progress.Domain\Progress.Domain.csproj", "{3663C75A-60E8-4864-932F-121EC5AD50D1}"
EndProject
Project("{FAE04EC0-301F-11D3-BF4B-00C04F79EFBC}") = "Progress.Application", "src\Modules\Progress\Progress.Application\Progress.Application.csproj", "{087D2151-2663-4B05-91EA-BF76D404CD5D}"
EndProject
Project("{FAE04EC0-301F-11D3-BF4B-00C04F79EFBC}") = "Progress.Infrastructure", "src\Modules\Progress\Progress.Infrastructure\Progress.Infrastructure.csproj", "{CF804811-4917-4147-B3DF-7441380A2EFC}"
EndProject
Project("{2150E333-8FDC-42A3-9474-1A3956D46DE8}") = "Notifications", "Notifications", "{DE9DAF8A-E684-0FD3-FFDC-40D3E3158533}"
EndProject
Project("{FAE04EC0-301F-11D3-BF4B-00C04F79EFBC}") = "Notifications.Domain", "src\Modules\Notifications\Notifications.Domain\Notifications.Domain.csproj", "{1254DB07-060D-4CD9-B5E4-EE838AB7BAD6}"
EndProject
Project("{FAE04EC0-301F-11D3-BF4B-00C04F79EFBC}") = "Notifications.Application", "src\Modules\Notifications\Notifications.Application\Notifications.Application.csproj", "{0FD4EC80-3F9F-4393-B823-630CBA6CDA8E}"
EndProject
Project("{FAE04EC0-301F-11D3-BF4B-00C04F79EFBC}") = "Notifications.Infrastructure", "src\Modules\Notifications\Notifications.Infrastructure\Notifications.Infrastructure.csproj", "{20E11EC8-65D5-400E-9C94-3CB43E23D78B}"
EndProject
Project("{2150E333-8FDC-42A3-9474-1A3956D46DE8}") = "Calendar", "Calendar", "{07FA420D-2907-57EF-713B-52CD3FBE2C68}"
EndProject
Project("{FAE04EC0-301F-11D3-BF4B-00C04F79EFBC}") = "Calendar.Domain", "src\Modules\Calendar\Calendar.Domain\Calendar.Domain.csproj", "{51E6DD79-7DAB-464D-AF6C-0CE21F0E3A20}"
EndProject
Project("{FAE04EC0-301F-11D3-BF4B-00C04F79EFBC}") = "Calendar.Application", "src\Modules\Calendar\Calendar.Application\Calendar.Application.csproj", "{AD18B599-2ABC-46FB-86D7-D7BBEDD18C5D}"
EndProject
Project("{FAE04EC0-301F-11D3-BF4B-00C04F79EFBC}") = "Calendar.Infrastructure", "src\Modules\Calendar\Calendar.Infrastructure\Calendar.Infrastructure.csproj", "{45BFB33C-C5E1-40D4-85EE-B71D030D3AE1}"
EndProject
Project("{2150E333-8FDC-42A3-9474-1A3956D46DE8}") = "Messaging", "Messaging", "{AE120A0E-5815-2D46-946C-DA544028AD88}"
EndProject
Project("{FAE04EC0-301F-11D3-BF4B-00C04F79EFBC}") = "Messaging.Domain", "src\Modules\Messaging\Messaging.Domain\Messaging.Domain.csproj", "{AE4DF5B9-EEF1-4BD9-8D61-61EA7287AB5B}"
EndProject
Project("{FAE04EC0-301F-11D3-BF4B-00C04F79EFBC}") = "Messaging.Application", "src\Modules\Messaging\Messaging.Application\Messaging.Application.csproj", "{D76864E1-9B95-4519-B6B6-B0415103216D}"
EndProject
Project("{FAE04EC0-301F-11D3-BF4B-00C04F79EFBC}") = "Messaging.Infrastructure", "src\Modules\Messaging\Messaging.Infrastructure\Messaging.Infrastructure.csproj", "{1B43338B-EDD7-4CC3-88F4-FFFC0D39D9D4}"
EndProject
Project("{2150E333-8FDC-42A3-9474-1A3956D46DE8}") = "Scheduling", "Scheduling", "{F0F0C51C-F6A5-8ED5-E07B-23BB77F4B418}"
EndProject
Project("{FAE04EC0-301F-11D3-BF4B-00C04F79EFBC}") = "Scheduling.Domain", "src\Modules\Scheduling\Scheduling.Domain\Scheduling.Domain.csproj", "{989C8DAB-6ADE-4EA8-996A-AE9306564E90}"
EndProject
Project("{FAE04EC0-301F-11D3-BF4B-00C04F79EFBC}") = "Scheduling.Application", "src\Modules\Scheduling\Scheduling.Application\Scheduling.Application.csproj", "{A4004675-6B60-4ED7-B83A-55C5DB7A6D56}"
EndProject
Project("{FAE04EC0-301F-11D3-BF4B-00C04F79EFBC}") = "Scheduling.Infrastructure", "src\Modules\Scheduling\Scheduling.Infrastructure\Scheduling.Infrastructure.csproj", "{BCE0DDB5-7C8F-4FA5-8CDC-46BD3BD648D7}"
EndProject
Global
	GlobalSection(SolutionConfigurationPlatforms) = preSolution
		Debug|Any CPU = Debug|Any CPU
		Debug|x64 = Debug|x64
		Debug|x86 = Debug|x86
		Release|Any CPU = Release|Any CPU
		Release|x64 = Release|x64
		Release|x86 = Release|x86
	EndGlobalSection
	GlobalSection(ProjectConfigurationPlatforms) = postSolution
		{CD5AEE3D-2B83-451E-B7AA-7C165D6685E0}.Debug|Any CPU.ActiveCfg = Debug|Any CPU
		{CD5AEE3D-2B83-451E-B7AA-7C165D6685E0}.Debug|Any CPU.Build.0 = Debug|Any CPU
		{CD5AEE3D-2B83-451E-B7AA-7C165D6685E0}.Debug|x64.ActiveCfg = Debug|Any CPU
		{CD5AEE3D-2B83-451E-B7AA-7C165D6685E0}.Debug|x64.Build.0 = Debug|Any CPU
		{CD5AEE3D-2B83-451E-B7AA-7C165D6685E0}.Debug|x86.ActiveCfg = Debug|Any CPU
		{CD5AEE3D-2B83-451E-B7AA-7C165D6685E0}.Debug|x86.Build.0 = Debug|Any CPU
		{CD5AEE3D-2B83-451E-B7AA-7C165D6685E0}.Release|Any CPU.ActiveCfg = Release|Any CPU
		{CD5AEE3D-2B83-451E-B7AA-7C165D6685E0}.Release|Any CPU.Build.0 = Release|Any CPU
		{CD5AEE3D-2B83-451E-B7AA-7C165D6685E0}.Release|x64.ActiveCfg = Release|Any CPU
		{CD5AEE3D-2B83-451E-B7AA-7C165D6685E0}.Release|x64.Build.0 = Release|Any CPU
		{CD5AEE3D-2B83-451E-B7AA-7C165D6685E0}.Release|x86.ActiveCfg = Release|Any CPU
		{CD5AEE3D-2B83-451E-B7AA-7C165D6685E0}.Release|x86.Build.0 = Release|Any CPU
		{29224194-8C9B-4531-A6FC-686F76E621B7}.Debug|Any CPU.ActiveCfg = Debug|Any CPU
		{29224194-8C9B-4531-A6FC-686F76E621B7}.Debug|Any CPU.Build.0 = Debug|Any CPU
		{29224194-8C9B-4531-A6FC-686F76E621B7}.Debug|x64.ActiveCfg = Debug|Any CPU
		{29224194-8C9B-4531-A6FC-686F76E621B7}.Debug|x64.Build.0 = Debug|Any CPU
		{29224194-8C9B-4531-A6FC-686F76E621B7}.Debug|x86.ActiveCfg = Debug|Any CPU
		{29224194-8C9B-4531-A6FC-686F76E621B7}.Debug|x86.Build.0 = Debug|Any CPU
		{29224194-8C9B-4531-A6FC-686F76E621B7}.Release|Any CPU.ActiveCfg = Release|Any CPU
		{29224194-8C9B-4531-A6FC-686F76E621B7}.Release|Any CPU.Build.0 = Release|Any CPU
		{29224194-8C9B-4531-A6FC-686F76E621B7}.Release|x64.ActiveCfg = Release|Any CPU
		{29224194-8C9B-4531-A6FC-686F76E621B7}.Release|x64.Build.0 = Release|Any CPU
		{29224194-8C9B-4531-A6FC-686F76E621B7}.Release|x86.ActiveCfg = Release|Any CPU
		{29224194-8C9B-4531-A6FC-686F76E621B7}.Release|x86.Build.0 = Release|Any CPU
		{6736E4DC-A576-424D-8E71-FDC0407001B5}.Debug|Any CPU.ActiveCfg = Debug|Any CPU
		{6736E4DC-A576-424D-8E71-FDC0407001B5}.Debug|Any CPU.Build.0 = Debug|Any CPU
		{6736E4DC-A576-424D-8E71-FDC0407001B5}.Debug|x64.ActiveCfg = Debug|Any CPU
		{6736E4DC-A576-424D-8E71-FDC0407001B5}.Debug|x64.Build.0 = Debug|Any CPU
		{6736E4DC-A576-424D-8E71-FDC0407001B5}.Debug|x86.ActiveCfg = Debug|Any CPU
		{6736E4DC-A576-424D-8E71-FDC0407001B5}.Debug|x86.Build.0 = Debug|Any CPU
		{6736E4DC-A576-424D-8E71-FDC0407001B5}.Release|Any CPU.ActiveCfg = Release|Any CPU
		{6736E4DC-A576-424D-8E71-FDC0407001B5}.Release|Any CPU.Build.0 = Release|Any CPU
		{6736E4DC-A576-424D-8E71-FDC0407001B5}.Release|x64.ActiveCfg = Release|Any CPU
		{6736E4DC-A576-424D-8E71-FDC0407001B5}.Release|x64.Build.0 = Release|Any CPU
		{6736E4DC-A576-424D-8E71-FDC0407001B5}.Release|x86.ActiveCfg = Release|Any CPU
		{6736E4DC-A576-424D-8E71-FDC0407001B5}.Release|x86.Build.0 = Release|Any CPU
		{066E1429-F5BC-46B2-89A4-37FC45667EF7}.Debug|Any CPU.ActiveCfg = Debug|Any CPU
		{066E1429-F5BC-46B2-89A4-37FC45667EF7}.Debug|Any CPU.Build.0 = Debug|Any CPU
		{066E1429-F5BC-46B2-89A4-37FC45667EF7}.Debug|x64.ActiveCfg = Debug|Any CPU
		{066E1429-F5BC-46B2-89A4-37FC45667EF7}.Debug|x64.Build.0 = Debug|Any CPU
		{066E1429-F5BC-46B2-89A4-37FC45667EF7}.Debug|x86.ActiveCfg = Debug|Any CPU
		{066E1429-F5BC-46B2-89A4-37FC45667EF7}.Debug|x86.Build.0 = Debug|Any CPU
		{066E1429-F5BC-46B2-89A4-37FC45667EF7}.Release|Any CPU.ActiveCfg = Release|Any CPU
		{066E1429-F5BC-46B2-89A4-37FC45667EF7}.Release|Any CPU.Build.0 = Release|Any CPU
		{066E1429-F5BC-46B2-89A4-37FC45667EF7}.Release|x64.ActiveCfg = Release|Any CPU
		{066E1429-F5BC-46B2-89A4-37FC45667EF7}.Release|x64.Build.0 = Release|Any CPU
		{066E1429-F5BC-46B2-89A4-37FC45667EF7}.Release|x86.ActiveCfg = Release|Any CPU
		{066E1429-F5BC-46B2-89A4-37FC45667EF7}.Release|x86.Build.0 = Release|Any CPU
		{707E10CC-7C94-4EC7-88F6-6C219207FAB8}.Debug|Any CPU.ActiveCfg = Debug|Any CPU
		{707E10CC-7C94-4EC7-88F6-6C219207FAB8}.Debug|Any CPU.Build.0 = Debug|Any CPU
		{707E10CC-7C94-4EC7-88F6-6C219207FAB8}.Debug|x64.ActiveCfg = Debug|Any CPU
		{707E10CC-7C94-4EC7-88F6-6C219207FAB8}.Debug|x64.Build.0 = Debug|Any CPU
		{707E10CC-7C94-4EC7-88F6-6C219207FAB8}.Debug|x86.ActiveCfg = Debug|Any CPU
		{707E10CC-7C94-4EC7-88F6-6C219207FAB8}.Debug|x86.Build.0 = Debug|Any CPU
		{707E10CC-7C94-4EC7-88F6-6C219207FAB8}.Release|Any CPU.ActiveCfg = Release|Any CPU
		{707E10CC-7C94-4EC7-88F6-6C219207FAB8}.Release|Any CPU.Build.0 = Release|Any CPU
		{707E10CC-7C94-4EC7-88F6-6C219207FAB8}.Release|x64.ActiveCfg = Release|Any CPU
		{707E10CC-7C94-4EC7-88F6-6C219207FAB8}.Release|x64.Build.0 = Release|Any CPU
		{707E10CC-7C94-4EC7-88F6-6C219207FAB8}.Release|x86.ActiveCfg = Release|Any CPU
		{707E10CC-7C94-4EC7-88F6-6C219207FAB8}.Release|x86.Build.0 = Release|Any CPU
		{91270CE6-F937-47F9-A69B-7C66C800B336}.Debug|Any CPU.ActiveCfg = Debug|Any CPU
		{91270CE6-F937-47F9-A69B-7C66C800B336}.Debug|Any CPU.Build.0 = Debug|Any CPU
		{91270CE6-F937-47F9-A69B-7C66C800B336}.Debug|x64.ActiveCfg = Debug|Any CPU
		{91270CE6-F937-47F9-A69B-7C66C800B336}.Debug|x64.Build.0 = Debug|Any CPU
		{91270CE6-F937-47F9-A69B-7C66C800B336}.Debug|x86.ActiveCfg = Debug|Any CPU
		{91270CE6-F937-47F9-A69B-7C66C800B336}.Debug|x86.Build.0 = Debug|Any CPU
		{91270CE6-F937-47F9-A69B-7C66C800B336}.Release|Any CPU.ActiveCfg = Release|Any CPU
		{91270CE6-F937-47F9-A69B-7C66C800B336}.Release|Any CPU.Build.0 = Release|Any CPU
		{91270CE6-F937-47F9-A69B-7C66C800B336}.Release|x64.ActiveCfg = Release|Any CPU
		{91270CE6-F937-47F9-A69B-7C66C800B336}.Release|x64.Build.0 = Release|Any CPU
		{91270CE6-F937-47F9-A69B-7C66C800B336}.Release|x86.ActiveCfg = Release|Any CPU
		{91270CE6-F937-47F9-A69B-7C66C800B336}.Release|x86.Build.0 = Release|Any CPU
		{BFF0DDB2-E15A-4830-B848-F344992F38F4}.Debug|Any CPU.ActiveCfg = Debug|Any CPU
		{BFF0DDB2-E15A-4830-B848-F344992F38F4}.Debug|Any CPU.Build.0 = Debug|Any CPU
		{BFF0DDB2-E15A-4830-B848-F344992F38F4}.Debug|x64.ActiveCfg = Debug|Any CPU
		{BFF0DDB2-E15A-4830-B848-F344992F38F4}.Debug|x64.Build.0 = Debug|Any CPU
		{BFF0DDB2-E15A-4830-B848-F344992F38F4}.Debug|x86.ActiveCfg = Debug|Any CPU
		{BFF0DDB2-E15A-4830-B848-F344992F38F4}.Debug|x86.Build.0 = Debug|Any CPU
		{BFF0DDB2-E15A-4830-B848-F344992F38F4}.Release|Any CPU.ActiveCfg = Release|Any CPU
		{BFF0DDB2-E15A-4830-B848-F344992F38F4}.Release|Any CPU.Build.0 = Release|Any CPU
		{BFF0DDB2-E15A-4830-B848-F344992F38F4}.Release|x64.ActiveCfg = Release|Any CPU
		{BFF0DDB2-E15A-4830-B848-F344992F38F4}.Release|x64.Build.0 = Release|Any CPU
		{BFF0DDB2-E15A-4830-B848-F344992F38F4}.Release|x86.ActiveCfg = Release|Any CPU
		{BFF0DDB2-E15A-4830-B848-F344992F38F4}.Release|x86.Build.0 = Release|Any CPU
		{0A241CE1-2229-4D81-88C5-C27F2A18B4E4}.Debug|Any CPU.ActiveCfg = Debug|Any CPU
		{0A241CE1-2229-4D81-88C5-C27F2A18B4E4}.Debug|Any CPU.Build.0 = Debug|Any CPU
		{0A241CE1-2229-4D81-88C5-C27F2A18B4E4}.Debug|x64.ActiveCfg = Debug|Any CPU
		{0A241CE1-2229-4D81-88C5-C27F2A18B4E4}.Debug|x64.Build.0 = Debug|Any CPU
		{0A241CE1-2229-4D81-88C5-C27F2A18B4E4}.Debug|x86.ActiveCfg = Debug|Any CPU
		{0A241CE1-2229-4D81-88C5-C27F2A18B4E4}.Debug|x86.Build.0 = Debug|Any CPU
		{0A241CE1-2229-4D81-88C5-C27F2A18B4E4}.Release|Any CPU.ActiveCfg = Release|Any CPU
		{0A241CE1-2229-4D81-88C5-C27F2A18B4E4}.Release|Any CPU.Build.0 = Release|Any CPU
		{0A241CE1-2229-4D81-88C5-C27F2A18B4E4}.Release|x64.ActiveCfg = Release|Any CPU
		{0A241CE1-2229-4D81-88C5-C27F2A18B4E4}.Release|x64.Build.0 = Release|Any CPU
		{0A241CE1-2229-4D81-88C5-C27F2A18B4E4}.Release|x86.ActiveCfg = Release|Any CPU
		{0A241CE1-2229-4D81-88C5-C27F2A18B4E4}.Release|x86.Build.0 = Release|Any CPU
		{8B08A515-FB60-4916-B95E-90C2CD64D7AE}.Debug|Any CPU.ActiveCfg = Debug|Any CPU
		{8B08A515-FB60-4916-B95E-90C2CD64D7AE}.Debug|Any CPU.Build.0 = Debug|Any CPU
		{8B08A515-FB60-4916-B95E-90C2CD64D7AE}.Debug|x64.ActiveCfg = Debug|Any CPU
		{8B08A515-FB60-4916-B95E-90C2CD64D7AE}.Debug|x64.Build.0 = Debug|Any CPU
		{8B08A515-FB60-4916-B95E-90C2CD64D7AE}.Debug|x86.ActiveCfg = Debug|Any CPU
		{8B08A515-FB60-4916-B95E-90C2CD64D7AE}.Debug|x86.Build.0 = Debug|Any CPU
		{8B08A515-FB60-4916-B95E-90C2CD64D7AE}.Release|Any CPU.ActiveCfg = Release|Any CPU
		{8B08A515-FB60-4916-B95E-90C2CD64D7AE}.Release|Any CPU.Build.0 = Release|Any CPU
		{8B08A515-FB60-4916-B95E-90C2CD64D7AE}.Release|x64.ActiveCfg = Release|Any CPU
		{8B08A515-FB60-4916-B95E-90C2CD64D7AE}.Release|x64.Build.0 = Release|Any CPU
		{8B08A515-FB60-4916-B95E-90C2CD64D7AE}.Release|x86.ActiveCfg = Release|Any CPU
		{8B08A515-FB60-4916-B95E-90C2CD64D7AE}.Release|x86.Build.0 = Release|Any CPU
		{874154F3-E597-4188-9FD0-D7B0A8867D27}.Debug|Any CPU.ActiveCfg = Debug|Any CPU
		{874154F3-E597-4188-9FD0-D7B0A8867D27}.Debug|Any CPU.Build.0 = Debug|Any CPU
		{874154F3-E597-4188-9FD0-D7B0A8867D27}.Debug|x64.ActiveCfg = Debug|Any CPU
		{874154F3-E597-4188-9FD0-D7B0A8867D27}.Debug|x64.Build.0 = Debug|Any CPU
		{874154F3-E597-4188-9FD0-D7B0A8867D27}.Debug|x86.ActiveCfg = Debug|Any CPU
		{874154F3-E597-4188-9FD0-D7B0A8867D27}.Debug|x86.Build.0 = Debug|Any CPU
		{874154F3-E597-4188-9FD0-D7B0A8867D27}.Release|Any CPU.ActiveCfg = Release|Any CPU
		{874154F3-E597-4188-9FD0-D7B0A8867D27}.Release|Any CPU.Build.0 = Release|Any CPU
		{874154F3-E597-4188-9FD0-D7B0A8867D27}.Release|x64.ActiveCfg = Release|Any CPU
		{874154F3-E597-4188-9FD0-D7B0A8867D27}.Release|x64.Build.0 = Release|Any CPU
		{874154F3-E597-4188-9FD0-D7B0A8867D27}.Release|x86.ActiveCfg = Release|Any CPU
		{874154F3-E597-4188-9FD0-D7B0A8867D27}.Release|x86.Build.0 = Release|Any CPU
		{3429464F-4CA2-4BE8-917A-85FB5F581968}.Debug|Any CPU.ActiveCfg = Debug|Any CPU
		{3429464F-4CA2-4BE8-917A-85FB5F581968}.Debug|Any CPU.Build.0 = Debug|Any CPU
		{3429464F-4CA2-4BE8-917A-85FB5F581968}.Debug|x64.ActiveCfg = Debug|Any CPU
		{3429464F-4CA2-4BE8-917A-85FB5F581968}.Debug|x64.Build.0 = Debug|Any CPU
		{3429464F-4CA2-4BE8-917A-85FB5F581968}.Debug|x86.ActiveCfg = Debug|Any CPU
		{3429464F-4CA2-4BE8-917A-85FB5F581968}.Debug|x86.Build.0 = Debug|Any CPU
		{3429464F-4CA2-4BE8-917A-85FB5F581968}.Release|Any CPU.ActiveCfg = Release|Any CPU
		{3429464F-4CA2-4BE8-917A-85FB5F581968}.Release|Any CPU.Build.0 = Release|Any CPU
		{3429464F-4CA2-4BE8-917A-85FB5F581968}.Release|x64.ActiveCfg = Release|Any CPU
		{3429464F-4CA2-4BE8-917A-85FB5F581968}.Release|x64.Build.0 = Release|Any CPU
		{3429464F-4CA2-4BE8-917A-85FB5F581968}.Release|x86.ActiveCfg = Release|Any CPU
		{3429464F-4CA2-4BE8-917A-85FB5F581968}.Release|x86.Build.0 = Release|Any CPU
		{0D28E7C4-0E57-4B4F-BF99-5E4604A577E7}.Debug|Any CPU.ActiveCfg = Debug|Any CPU
		{0D28E7C4-0E57-4B4F-BF99-5E4604A577E7}.Debug|Any CPU.Build.0 = Debug|Any CPU
		{0D28E7C4-0E57-4B4F-BF99-5E4604A577E7}.Debug|x64.ActiveCfg = Debug|Any CPU
		{0D28E7C4-0E57-4B4F-BF99-5E4604A577E7}.Debug|x64.Build.0 = Debug|Any CPU
		{0D28E7C4-0E57-4B4F-BF99-5E4604A577E7}.Debug|x86.ActiveCfg = Debug|Any CPU
		{0D28E7C4-0E57-4B4F-BF99-5E4604A577E7}.Debug|x86.Build.0 = Debug|Any CPU
		{0D28E7C4-0E57-4B4F-BF99-5E4604A577E7}.Release|Any CPU.ActiveCfg = Release|Any CPU
		{0D28E7C4-0E57-4B4F-BF99-5E4604A577E7}.Release|Any CPU.Build.0 = Release|Any CPU
		{0D28E7C4-0E57-4B4F-BF99-5E4604A577E7}.Release|x64.ActiveCfg = Release|Any CPU
		{0D28E7C4-0E57-4B4F-BF99-5E4604A577E7}.Release|x64.Build.0 = Release|Any CPU
		{0D28E7C4-0E57-4B4F-BF99-5E4604A577E7}.Release|x86.ActiveCfg = Release|Any CPU
		{0D28E7C4-0E57-4B4F-BF99-5E4604A577E7}.Release|x86.Build.0 = Release|Any CPU
		{7CEF7EDC-D81C-41FA-B5B3-B13C796356DF}.Debug|Any CPU.ActiveCfg = Debug|Any CPU
		{7CEF7EDC-D81C-41FA-B5B3-B13C796356DF}.Debug|Any CPU.Build.0 = Debug|Any CPU
		{7CEF7EDC-D81C-41FA-B5B3-B13C796356DF}.Debug|x64.ActiveCfg = Debug|Any CPU
		{7CEF7EDC-D81C-41FA-B5B3-B13C796356DF}.Debug|x64.Build.0 = Debug|Any CPU
		{7CEF7EDC-D81C-41FA-B5B3-B13C796356DF}.Debug|x86.ActiveCfg = Debug|Any CPU
		{7CEF7EDC-D81C-41FA-B5B3-B13C796356DF}.Debug|x86.Build.0 = Debug|Any CPU
		{7CEF7EDC-D81C-41FA-B5B3-B13C796356DF}.Release|Any CPU.ActiveCfg = Release|Any CPU
		{7CEF7EDC-D81C-41FA-B5B3-B13C796356DF}.Release|Any CPU.Build.0 = Release|Any CPU
		{7CEF7EDC-D81C-41FA-B5B3-B13C796356DF}.Release|x64.ActiveCfg = Release|Any CPU
		{7CEF7EDC-D81C-41FA-B5B3-B13C796356DF}.Release|x64.Build.0 = Release|Any CPU
		{7CEF7EDC-D81C-41FA-B5B3-B13C796356DF}.Release|x86.ActiveCfg = Release|Any CPU
		{7CEF7EDC-D81C-41FA-B5B3-B13C796356DF}.Release|x86.Build.0 = Release|Any CPU
		{B8E6D267-DE7E-4935-A119-6C81C315B9D1}.Debug|Any CPU.ActiveCfg = Debug|Any CPU
		{B8E6D267-DE7E-4935-A119-6C81C315B9D1}.Debug|Any CPU.Build.0 = Debug|Any CPU
		{B8E6D267-DE7E-4935-A119-6C81C315B9D1}.Debug|x64.ActiveCfg = Debug|Any CPU
		{B8E6D267-DE7E-4935-A119-6C81C315B9D1}.Debug|x64.Build.0 = Debug|Any CPU
		{B8E6D267-DE7E-4935-A119-6C81C315B9D1}.Debug|x86.ActiveCfg = Debug|Any CPU
		{B8E6D267-DE7E-4935-A119-6C81C315B9D1}.Debug|x86.Build.0 = Debug|Any CPU
		{B8E6D267-DE7E-4935-A119-6C81C315B9D1}.Release|Any CPU.ActiveCfg = Release|Any CPU
		{B8E6D267-DE7E-4935-A119-6C81C315B9D1}.Release|Any CPU.Build.0 = Release|Any CPU
		{B8E6D267-DE7E-4935-A119-6C81C315B9D1}.Release|x64.ActiveCfg = Release|Any CPU
		{B8E6D267-DE7E-4935-A119-6C81C315B9D1}.Release|x64.Build.0 = Release|Any CPU
		{B8E6D267-DE7E-4935-A119-6C81C315B9D1}.Release|x86.ActiveCfg = Release|Any CPU
		{B8E6D267-DE7E-4935-A119-6C81C315B9D1}.Release|x86.Build.0 = Release|Any CPU
		{79769293-DB65-4D07-8C5C-7C18C8D7E21C}.Debug|Any CPU.ActiveCfg = Debug|Any CPU
		{79769293-DB65-4D07-8C5C-7C18C8D7E21C}.Debug|Any CPU.Build.0 = Debug|Any CPU
		{79769293-DB65-4D07-8C5C-7C18C8D7E21C}.Debug|x64.ActiveCfg = Debug|Any CPU
		{79769293-DB65-4D07-8C5C-7C18C8D7E21C}.Debug|x64.Build.0 = Debug|Any CPU
		{79769293-DB65-4D07-8C5C-7C18C8D7E21C}.Debug|x86.ActiveCfg = Debug|Any CPU
		{79769293-DB65-4D07-8C5C-7C18C8D7E21C}.Debug|x86.Build.0 = Debug|Any CPU
		{79769293-DB65-4D07-8C5C-7C18C8D7E21C}.Release|Any CPU.ActiveCfg = Release|Any CPU
		{79769293-DB65-4D07-8C5C-7C18C8D7E21C}.Release|Any CPU.Build.0 = Release|Any CPU
		{79769293-DB65-4D07-8C5C-7C18C8D7E21C}.Release|x64.ActiveCfg = Release|Any CPU
		{79769293-DB65-4D07-8C5C-7C18C8D7E21C}.Release|x64.Build.0 = Release|Any CPU
		{79769293-DB65-4D07-8C5C-7C18C8D7E21C}.Release|x86.ActiveCfg = Release|Any CPU
		{79769293-DB65-4D07-8C5C-7C18C8D7E21C}.Release|x86.Build.0 = Release|Any CPU
		{60F4DDD4-D212-4FEE-81AA-F0A7F54BBEE7}.Debug|Any CPU.ActiveCfg = Debug|Any CPU
		{60F4DDD4-D212-4FEE-81AA-F0A7F54BBEE7}.Debug|Any CPU.Build.0 = Debug|Any CPU
		{60F4DDD4-D212-4FEE-81AA-F0A7F54BBEE7}.Debug|x64.ActiveCfg = Debug|Any CPU
		{60F4DDD4-D212-4FEE-81AA-F0A7F54BBEE7}.Debug|x64.Build.0 = Debug|Any CPU
		{60F4DDD4-D212-4FEE-81AA-F0A7F54BBEE7}.Debug|x86.ActiveCfg = Debug|Any CPU
		{60F4DDD4-D212-4FEE-81AA-F0A7F54BBEE7}.Debug|x86.Build.0 = Debug|Any CPU
		{60F4DDD4-D212-4FEE-81AA-F0A7F54BBEE7}.Release|Any CPU.ActiveCfg = Release|Any CPU
		{60F4DDD4-D212-4FEE-81AA-F0A7F54BBEE7}.Release|Any CPU.Build.0 = Release|Any CPU
		{60F4DDD4-D212-4FEE-81AA-F0A7F54BBEE7}.Release|x64.ActiveCfg = Release|Any CPU
		{60F4DDD4-D212-4FEE-81AA-F0A7F54BBEE7}.Release|x64.Build.0 = Release|Any CPU
		{60F4DDD4-D212-4FEE-81AA-F0A7F54BBEE7}.Release|x86.ActiveCfg = Release|Any CPU
		{60F4DDD4-D212-4FEE-81AA-F0A7F54BBEE7}.Release|x86.Build.0 = Release|Any CPU
		{B8C436C3-F26A-4AA8-9AD8-173EA428739C}.Debug|Any CPU.ActiveCfg = Debug|Any CPU
		{B8C436C3-F26A-4AA8-9AD8-173EA428739C}.Debug|Any CPU.Build.0 = Debug|Any CPU
		{B8C436C3-F26A-4AA8-9AD8-173EA428739C}.Debug|x64.ActiveCfg = Debug|Any CPU
		{B8C436C3-F26A-4AA8-9AD8-173EA428739C}.Debug|x64.Build.0 = Debug|Any CPU
		{B8C436C3-F26A-4AA8-9AD8-173EA428739C}.Debug|x86.ActiveCfg = Debug|Any CPU
		{B8C436C3-F26A-4AA8-9AD8-173EA428739C}.Debug|x86.Build.0 = Debug|Any CPU
		{B8C436C3-F26A-4AA8-9AD8-173EA428739C}.Release|Any CPU.ActiveCfg = Release|Any CPU
		{B8C436C3-F26A-4AA8-9AD8-173EA428739C}.Release|Any CPU.Build.0 = Release|Any CPU
		{B8C436C3-F26A-4AA8-9AD8-173EA428739C}.Release|x64.ActiveCfg = Release|Any CPU
		{B8C436C3-F26A-4AA8-9AD8-173EA428739C}.Release|x64.Build.0 = Release|Any CPU
		{B8C436C3-F26A-4AA8-9AD8-173EA428739C}.Release|x86.ActiveCfg = Release|Any CPU
		{B8C436C3-F26A-4AA8-9AD8-173EA428739C}.Release|x86.Build.0 = Release|Any CPU
		{6C98A470-C33B-4C0C-822E-FAD813F7032C}.Debug|Any CPU.ActiveCfg = Debug|Any CPU
		{6C98A470-C33B-4C0C-822E-FAD813F7032C}.Debug|Any CPU.Build.0 = Debug|Any CPU
		{6C98A470-C33B-4C0C-822E-FAD813F7032C}.Debug|x64.ActiveCfg = Debug|Any CPU
		{6C98A470-C33B-4C0C-822E-FAD813F7032C}.Debug|x64.Build.0 = Debug|Any CPU
		{6C98A470-C33B-4C0C-822E-FAD813F7032C}.Debug|x86.ActiveCfg = Debug|Any CPU
		{6C98A470-C33B-4C0C-822E-FAD813F7032C}.Debug|x86.Build.0 = Debug|Any CPU
		{6C98A470-C33B-4C0C-822E-FAD813F7032C}.Release|Any CPU.ActiveCfg = Release|Any CPU
		{6C98A470-C33B-4C0C-822E-FAD813F7032C}.Release|Any CPU.Build.0 = Release|Any CPU
		{6C98A470-C33B-4C0C-822E-FAD813F7032C}.Release|x64.ActiveCfg = Release|Any CPU
		{6C98A470-C33B-4C0C-822E-FAD813F7032C}.Release|x64.Build.0 = Release|Any CPU
		{6C98A470-C33B-4C0C-822E-FAD813F7032C}.Release|x86.ActiveCfg = Release|Any CPU
		{6C98A470-C33B-4C0C-822E-FAD813F7032C}.Release|x86.Build.0 = Release|Any CPU
		{3E933813-8206-4479-AC56-2F7D5808C72D}.Debug|Any CPU.ActiveCfg = Debug|Any CPU
		{3E933813-8206-4479-AC56-2F7D5808C72D}.Debug|Any CPU.Build.0 = Debug|Any CPU
		{3E933813-8206-4479-AC56-2F7D5808C72D}.Debug|x64.ActiveCfg = Debug|Any CPU
		{3E933813-8206-4479-AC56-2F7D5808C72D}.Debug|x64.Build.0 = Debug|Any CPU
		{3E933813-8206-4479-AC56-2F7D5808C72D}.Debug|x86.ActiveCfg = Debug|Any CPU
		{3E933813-8206-4479-AC56-2F7D5808C72D}.Debug|x86.Build.0 = Debug|Any CPU
		{3E933813-8206-4479-AC56-2F7D5808C72D}.Release|Any CPU.ActiveCfg = Release|Any CPU
		{3E933813-8206-4479-AC56-2F7D5808C72D}.Release|Any CPU.Build.0 = Release|Any CPU
		{3E933813-8206-4479-AC56-2F7D5808C72D}.Release|x64.ActiveCfg = Release|Any CPU
		{3E933813-8206-4479-AC56-2F7D5808C72D}.Release|x64.Build.0 = Release|Any CPU
		{3E933813-8206-4479-AC56-2F7D5808C72D}.Release|x86.ActiveCfg = Release|Any CPU
		{3E933813-8206-4479-AC56-2F7D5808C72D}.Release|x86.Build.0 = Release|Any CPU
		{AF931488-9CF7-4475-9AC3-7A0059E9D95D}.Debug|Any CPU.ActiveCfg = Debug|Any CPU
		{AF931488-9CF7-4475-9AC3-7A0059E9D95D}.Debug|Any CPU.Build.0 = Debug|Any CPU
		{AF931488-9CF7-4475-9AC3-7A0059E9D95D}.Debug|x64.ActiveCfg = Debug|Any CPU
		{AF931488-9CF7-4475-9AC3-7A0059E9D95D}.Debug|x64.Build.0 = Debug|Any CPU
		{AF931488-9CF7-4475-9AC3-7A0059E9D95D}.Debug|x86.ActiveCfg = Debug|Any CPU
		{AF931488-9CF7-4475-9AC3-7A0059E9D95D}.Debug|x86.Build.0 = Debug|Any CPU
		{AF931488-9CF7-4475-9AC3-7A0059E9D95D}.Release|Any CPU.ActiveCfg = Release|Any CPU
		{AF931488-9CF7-4475-9AC3-7A0059E9D95D}.Release|Any CPU.Build.0 = Release|Any CPU
		{AF931488-9CF7-4475-9AC3-7A0059E9D95D}.Release|x64.ActiveCfg = Release|Any CPU
		{AF931488-9CF7-4475-9AC3-7A0059E9D95D}.Release|x64.Build.0 = Release|Any CPU
		{AF931488-9CF7-4475-9AC3-7A0059E9D95D}.Release|x86.ActiveCfg = Release|Any CPU
		{AF931488-9CF7-4475-9AC3-7A0059E9D95D}.Release|x86.Build.0 = Release|Any CPU
		{53C89DF8-2122-41D2-9CE8-DD1BCAD77EF6}.Debug|Any CPU.ActiveCfg = Debug|Any CPU
		{53C89DF8-2122-41D2-9CE8-DD1BCAD77EF6}.Debug|Any CPU.Build.0 = Debug|Any CPU
		{53C89DF8-2122-41D2-9CE8-DD1BCAD77EF6}.Debug|x64.ActiveCfg = Debug|Any CPU
		{53C89DF8-2122-41D2-9CE8-DD1BCAD77EF6}.Debug|x64.Build.0 = Debug|Any CPU
		{53C89DF8-2122-41D2-9CE8-DD1BCAD77EF6}.Debug|x86.ActiveCfg = Debug|Any CPU
		{53C89DF8-2122-41D2-9CE8-DD1BCAD77EF6}.Debug|x86.Build.0 = Debug|Any CPU
		{53C89DF8-2122-41D2-9CE8-DD1BCAD77EF6}.Release|Any CPU.ActiveCfg = Release|Any CPU
		{53C89DF8-2122-41D2-9CE8-DD1BCAD77EF6}.Release|Any CPU.Build.0 = Release|Any CPU
		{53C89DF8-2122-41D2-9CE8-DD1BCAD77EF6}.Release|x64.ActiveCfg = Release|Any CPU
		{53C89DF8-2122-41D2-9CE8-DD1BCAD77EF6}.Release|x64.Build.0 = Release|Any CPU
		{53C89DF8-2122-41D2-9CE8-DD1BCAD77EF6}.Release|x86.ActiveCfg = Release|Any CPU
		{53C89DF8-2122-41D2-9CE8-DD1BCAD77EF6}.Release|x86.Build.0 = Release|Any CPU
		{93EB282D-47F2-4D31-BED6-1F6DD790E30B}.Debug|Any CPU.ActiveCfg = Debug|Any CPU
		{93EB282D-47F2-4D31-BED6-1F6DD790E30B}.Debug|Any CPU.Build.0 = Debug|Any CPU
		{93EB282D-47F2-4D31-BED6-1F6DD790E30B}.Debug|x64.ActiveCfg = Debug|Any CPU
		{93EB282D-47F2-4D31-BED6-1F6DD790E30B}.Debug|x64.Build.0 = Debug|Any CPU
		{93EB282D-47F2-4D31-BED6-1F6DD790E30B}.Debug|x86.ActiveCfg = Debug|Any CPU
		{93EB282D-47F2-4D31-BED6-1F6DD790E30B}.Debug|x86.Build.0 = Debug|Any CPU
		{93EB282D-47F2-4D31-BED6-1F6DD790E30B}.Release|Any CPU.ActiveCfg = Release|Any CPU
		{93EB282D-47F2-4D31-BED6-1F6DD790E30B}.Release|Any CPU.Build.0 = Release|Any CPU
		{93EB282D-47F2-4D31-BED6-1F6DD790E30B}.Release|x64.ActiveCfg = Release|Any CPU
		{93EB282D-47F2-4D31-BED6-1F6DD790E30B}.Release|x64.Build.0 = Release|Any CPU
		{93EB282D-47F2-4D31-BED6-1F6DD790E30B}.Release|x86.ActiveCfg = Release|Any CPU
		{93EB282D-47F2-4D31-BED6-1F6DD790E30B}.Release|x86.Build.0 = Release|Any CPU
		{3663C75A-60E8-4864-932F-121EC5AD50D1}.Debug|Any CPU.ActiveCfg = Debug|Any CPU
		{3663C75A-60E8-4864-932F-121EC5AD50D1}.Debug|Any CPU.Build.0 = Debug|Any CPU
		{3663C75A-60E8-4864-932F-121EC5AD50D1}.Debug|x64.ActiveCfg = Debug|Any CPU
		{3663C75A-60E8-4864-932F-121EC5AD50D1}.Debug|x64.Build.0 = Debug|Any CPU
		{3663C75A-60E8-4864-932F-121EC5AD50D1}.Debug|x86.ActiveCfg = Debug|Any CPU
		{3663C75A-60E8-4864-932F-121EC5AD50D1}.Debug|x86.Build.0 = Debug|Any CPU
		{3663C75A-60E8-4864-932F-121EC5AD50D1}.Release|Any CPU.ActiveCfg = Release|Any CPU
		{3663C75A-60E8-4864-932F-121EC5AD50D1}.Release|Any CPU.Build.0 = Release|Any CPU
		{3663C75A-60E8-4864-932F-121EC5AD50D1}.Release|x64.ActiveCfg = Release|Any CPU
		{3663C75A-60E8-4864-932F-121EC5AD50D1}.Release|x64.Build.0 = Release|Any CPU
		{3663C75A-60E8-4864-932F-121EC5AD50D1}.Release|x86.ActiveCfg = Release|Any CPU
		{3663C75A-60E8-4864-932F-121EC5AD50D1}.Release|x86.Build.0 = Release|Any CPU
		{087D2151-2663-4B05-91EA-BF76D404CD5D}.Debug|Any CPU.ActiveCfg = Debug|Any CPU
		{087D2151-2663-4B05-91EA-BF76D404CD5D}.Debug|Any CPU.Build.0 = Debug|Any CPU
		{087D2151-2663-4B05-91EA-BF76D404CD5D}.Debug|x64.ActiveCfg = Debug|Any CPU
		{087D2151-2663-4B05-91EA-BF76D404CD5D}.Debug|x64.Build.0 = Debug|Any CPU
		{087D2151-2663-4B05-91EA-BF76D404CD5D}.Debug|x86.ActiveCfg = Debug|Any CPU
		{087D2151-2663-4B05-91EA-BF76D404CD5D}.Debug|x86.Build.0 = Debug|Any CPU
		{087D2151-2663-4B05-91EA-BF76D404CD5D}.Release|Any CPU.ActiveCfg = Release|Any CPU
		{087D2151-2663-4B05-91EA-BF76D404CD5D}.Release|Any CPU.Build.0 = Release|Any CPU
		{087D2151-2663-4B05-91EA-BF76D404CD5D}.Release|x64.ActiveCfg = Release|Any CPU
		{087D2151-2663-4B05-91EA-BF76D404CD5D}.Release|x64.Build.0 = Release|Any CPU
		{087D2151-2663-4B05-91EA-BF76D404CD5D}.Release|x86.ActiveCfg = Release|Any CPU
		{087D2151-2663-4B05-91EA-BF76D404CD5D}.Release|x86.Build.0 = Release|Any CPU
		{CF804811-4917-4147-B3DF-7441380A2EFC}.Debug|Any CPU.ActiveCfg = Debug|Any CPU
		{CF804811-4917-4147-B3DF-7441380A2EFC}.Debug|Any CPU.Build.0 = Debug|Any CPU
		{CF804811-4917-4147-B3DF-7441380A2EFC}.Debug|x64.ActiveCfg = Debug|Any CPU
		{CF804811-4917-4147-B3DF-7441380A2EFC}.Debug|x64.Build.0 = Debug|Any CPU
		{CF804811-4917-4147-B3DF-7441380A2EFC}.Debug|x86.ActiveCfg = Debug|Any CPU
		{CF804811-4917-4147-B3DF-7441380A2EFC}.Debug|x86.Build.0 = Debug|Any CPU
		{CF804811-4917-4147-B3DF-7441380A2EFC}.Release|Any CPU.ActiveCfg = Release|Any CPU
		{CF804811-4917-4147-B3DF-7441380A2EFC}.Release|Any CPU.Build.0 = Release|Any CPU
		{CF804811-4917-4147-B3DF-7441380A2EFC}.Release|x64.ActiveCfg = Release|Any CPU
		{CF804811-4917-4147-B3DF-7441380A2EFC}.Release|x64.Build.0 = Release|Any CPU
		{CF804811-4917-4147-B3DF-7441380A2EFC}.Release|x86.ActiveCfg = Release|Any CPU
		{CF804811-4917-4147-B3DF-7441380A2EFC}.Release|x86.Build.0 = Release|Any CPU
		{1254DB07-060D-4CD9-B5E4-EE838AB7BAD6}.Debug|Any CPU.ActiveCfg = Debug|Any CPU
		{1254DB07-060D-4CD9-B5E4-EE838AB7BAD6}.Debug|Any CPU.Build.0 = Debug|Any CPU
		{1254DB07-060D-4CD9-B5E4-EE838AB7BAD6}.Debug|x64.ActiveCfg = Debug|Any CPU
		{1254DB07-060D-4CD9-B5E4-EE838AB7BAD6}.Debug|x64.Build.0 = Debug|Any CPU
		{1254DB07-060D-4CD9-B5E4-EE838AB7BAD6}.Debug|x86.ActiveCfg = Debug|Any CPU
		{1254DB07-060D-4CD9-B5E4-EE838AB7BAD6}.Debug|x86.Build.0 = Debug|Any CPU
		{1254DB07-060D-4CD9-B5E4-EE838AB7BAD6}.Release|Any CPU.ActiveCfg = Release|Any CPU
		{1254DB07-060D-4CD9-B5E4-EE838AB7BAD6}.Release|Any CPU.Build.0 = Release|Any CPU
		{1254DB07-060D-4CD9-B5E4-EE838AB7BAD6}.Release|x64.ActiveCfg = Release|Any CPU
		{1254DB07-060D-4CD9-B5E4-EE838AB7BAD6}.Release|x64.Build.0 = Release|Any CPU
		{1254DB07-060D-4CD9-B5E4-EE838AB7BAD6}.Release|x86.ActiveCfg = Release|Any CPU
		{1254DB07-060D-4CD9-B5E4-EE838AB7BAD6}.Release|x86.Build.0 = Release|Any CPU
		{0FD4EC80-3F9F-4393-B823-630CBA6CDA8E}.Debug|Any CPU.ActiveCfg = Debug|Any CPU
		{0FD4EC80-3F9F-4393-B823-630CBA6CDA8E}.Debug|Any CPU.Build.0 = Debug|Any CPU
		{0FD4EC80-3F9F-4393-B823-630CBA6CDA8E}.Debug|x64.ActiveCfg = Debug|Any CPU
		{0FD4EC80-3F9F-4393-B823-630CBA6CDA8E}.Debug|x64.Build.0 = Debug|Any CPU
		{0FD4EC80-3F9F-4393-B823-630CBA6CDA8E}.Debug|x86.ActiveCfg = Debug|Any CPU
		{0FD4EC80-3F9F-4393-B823-630CBA6CDA8E}.Debug|x86.Build.0 = Debug|Any CPU
		{0FD4EC80-3F9F-4393-B823-630CBA6CDA8E}.Release|Any CPU.ActiveCfg = Release|Any CPU
		{0FD4EC80-3F9F-4393-B823-630CBA6CDA8E}.Release|Any CPU.Build.0 = Release|Any CPU
		{0FD4EC80-3F9F-4393-B823-630CBA6CDA8E}.Release|x64.ActiveCfg = Release|Any CPU
		{0FD4EC80-3F9F-4393-B823-630CBA6CDA8E}.Release|x64.Build.0 = Release|Any CPU
		{0FD4EC80-3F9F-4393-B823-630CBA6CDA8E}.Release|x86.ActiveCfg = Release|Any CPU
		{0FD4EC80-3F9F-4393-B823-630CBA6CDA8E}.Release|x86.Build.0 = Release|Any CPU
		{20E11EC8-65D5-400E-9C94-3CB43E23D78B}.Debug|Any CPU.ActiveCfg = Debug|Any CPU
		{20E11EC8-65D5-400E-9C94-3CB43E23D78B}.Debug|Any CPU.Build.0 = Debug|Any CPU
		{20E11EC8-65D5-400E-9C94-3CB43E23D78B}.Debug|x64.ActiveCfg = Debug|Any CPU
		{20E11EC8-65D5-400E-9C94-3CB43E23D78B}.Debug|x64.Build.0 = Debug|Any CPU
		{20E11EC8-65D5-400E-9C94-3CB43E23D78B}.Debug|x86.ActiveCfg = Debug|Any CPU
		{20E11EC8-65D5-400E-9C94-3CB43E23D78B}.Debug|x86.Build.0 = Debug|Any CPU
		{20E11EC8-65D5-400E-9C94-3CB43E23D78B}.Release|Any CPU.ActiveCfg = Release|Any CPU
		{20E11EC8-65D5-400E-9C94-3CB43E23D78B}.Release|Any CPU.Build.0 = Release|Any CPU
		{20E11EC8-65D5-400E-9C94-3CB43E23D78B}.Release|x64.ActiveCfg = Release|Any CPU
		{20E11EC8-65D5-400E-9C94-3CB43E23D78B}.Release|x64.Build.0 = Release|Any CPU
		{20E11EC8-65D5-400E-9C94-3CB43E23D78B}.Release|x86.ActiveCfg = Release|Any CPU
		{20E11EC8-65D5-400E-9C94-3CB43E23D78B}.Release|x86.Build.0 = Release|Any CPU
		{51E6DD79-7DAB-464D-AF6C-0CE21F0E3A20}.Debug|Any CPU.ActiveCfg = Debug|Any CPU
		{51E6DD79-7DAB-464D-AF6C-0CE21F0E3A20}.Debug|Any CPU.Build.0 = Debug|Any CPU
		{51E6DD79-7DAB-464D-AF6C-0CE21F0E3A20}.Debug|x64.ActiveCfg = Debug|Any CPU
		{51E6DD79-7DAB-464D-AF6C-0CE21F0E3A20}.Debug|x64.Build.0 = Debug|Any CPU
		{51E6DD79-7DAB-464D-AF6C-0CE21F0E3A20}.Debug|x86.ActiveCfg = Debug|Any CPU
		{51E6DD79-7DAB-464D-AF6C-0CE21F0E3A20}.Debug|x86.Build.0 = Debug|Any CPU
		{51E6DD79-7DAB-464D-AF6C-0CE21F0E3A20}.Release|Any CPU.ActiveCfg = Release|Any CPU
		{51E6DD79-7DAB-464D-AF6C-0CE21F0E3A20}.Release|Any CPU.Build.0 = Release|Any CPU
		{51E6DD79-7DAB-464D-AF6C-0CE21F0E3A20}.Release|x64.ActiveCfg = Release|Any CPU
		{51E6DD79-7DAB-464D-AF6C-0CE21F0E3A20}.Release|x64.Build.0 = Release|Any CPU
		{51E6DD79-7DAB-464D-AF6C-0CE21F0E3A20}.Release|x86.ActiveCfg = Release|Any CPU
		{51E6DD79-7DAB-464D-AF6C-0CE21F0E3A20}.Release|x86.Build.0 = Release|Any CPU
		{AD18B599-2ABC-46FB-86D7-D7BBEDD18C5D}.Debug|Any CPU.ActiveCfg = Debug|Any CPU
		{AD18B599-2ABC-46FB-86D7-D7BBEDD18C5D}.Debug|Any CPU.Build.0 = Debug|Any CPU
		{AD18B599-2ABC-46FB-86D7-D7BBEDD18C5D}.Debug|x64.ActiveCfg = Debug|Any CPU
		{AD18B599-2ABC-46FB-86D7-D7BBEDD18C5D}.Debug|x64.Build.0 = Debug|Any CPU
		{AD18B599-2ABC-46FB-86D7-D7BBEDD18C5D}.Debug|x86.ActiveCfg = Debug|Any CPU
		{AD18B599-2ABC-46FB-86D7-D7BBEDD18C5D}.Debug|x86.Build.0 = Debug|Any CPU
		{AD18B599-2ABC-46FB-86D7-D7BBEDD18C5D}.Release|Any CPU.ActiveCfg = Release|Any CPU
		{AD18B599-2ABC-46FB-86D7-D7BBEDD18C5D}.Release|Any CPU.Build.0 = Release|Any CPU
		{AD18B599-2ABC-46FB-86D7-D7BBEDD18C5D}.Release|x64.ActiveCfg = Release|Any CPU
		{AD18B599-2ABC-46FB-86D7-D7BBEDD18C5D}.Release|x64.Build.0 = Release|Any CPU
		{AD18B599-2ABC-46FB-86D7-D7BBEDD18C5D}.Release|x86.ActiveCfg = Release|Any CPU
		{AD18B599-2ABC-46FB-86D7-D7BBEDD18C5D}.Release|x86.Build.0 = Release|Any CPU
		{45BFB33C-C5E1-40D4-85EE-B71D030D3AE1}.Debug|Any CPU.ActiveCfg = Debug|Any CPU
		{45BFB33C-C5E1-40D4-85EE-B71D030D3AE1}.Debug|Any CPU.Build.0 = Debug|Any CPU
		{45BFB33C-C5E1-40D4-85EE-B71D030D3AE1}.Debug|x64.ActiveCfg = Debug|Any CPU
		{45BFB33C-C5E1-40D4-85EE-B71D030D3AE1}.Debug|x64.Build.0 = Debug|Any CPU
		{45BFB33C-C5E1-40D4-85EE-B71D030D3AE1}.Debug|x86.ActiveCfg = Debug|Any CPU
		{45BFB33C-C5E1-40D4-85EE-B71D030D3AE1}.Debug|x86.Build.0 = Debug|Any CPU
		{45BFB33C-C5E1-40D4-85EE-B71D030D3AE1}.Release|Any CPU.ActiveCfg = Release|Any CPU
		{45BFB33C-C5E1-40D4-85EE-B71D030D3AE1}.Release|Any CPU.Build.0 = Release|Any CPU
		{45BFB33C-C5E1-40D4-85EE-B71D030D3AE1}.Release|x64.ActiveCfg = Release|Any CPU
		{45BFB33C-C5E1-40D4-85EE-B71D030D3AE1}.Release|x64.Build.0 = Release|Any CPU
		{45BFB33C-C5E1-40D4-85EE-B71D030D3AE1}.Release|x86.ActiveCfg = Release|Any CPU
		{45BFB33C-C5E1-40D4-85EE-B71D030D3AE1}.Release|x86.Build.0 = Release|Any CPU
		{AE4DF5B9-EEF1-4BD9-8D61-61EA7287AB5B}.Debug|Any CPU.ActiveCfg = Debug|Any CPU
		{AE4DF5B9-EEF1-4BD9-8D61-61EA7287AB5B}.Debug|Any CPU.Build.0 = Debug|Any CPU
		{AE4DF5B9-EEF1-4BD9-8D61-61EA7287AB5B}.Debug|x64.ActiveCfg = Debug|Any CPU
		{AE4DF5B9-EEF1-4BD9-8D61-61EA7287AB5B}.Debug|x64.Build.0 = Debug|Any CPU
		{AE4DF5B9-EEF1-4BD9-8D61-61EA7287AB5B}.Debug|x86.ActiveCfg = Debug|Any CPU
		{AE4DF5B9-EEF1-4BD9-8D61-61EA7287AB5B}.Debug|x86.Build.0 = Debug|Any CPU
		{AE4DF5B9-EEF1-4BD9-8D61-61EA7287AB5B}.Release|Any CPU.ActiveCfg = Release|Any CPU
		{AE4DF5B9-EEF1-4BD9-8D61-61EA7287AB5B}.Release|Any CPU.Build.0 = Release|Any CPU
		{AE4DF5B9-EEF1-4BD9-8D61-61EA7287AB5B}.Release|x64.ActiveCfg = Release|Any CPU
		{AE4DF5B9-EEF1-4BD9-8D61-61EA7287AB5B}.Release|x64.Build.0 = Release|Any CPU
		{AE4DF5B9-EEF1-4BD9-8D61-61EA7287AB5B}.Release|x86.ActiveCfg = Release|Any CPU
		{AE4DF5B9-EEF1-4BD9-8D61-61EA7287AB5B}.Release|x86.Build.0 = Release|Any CPU
		{D76864E1-9B95-4519-B6B6-B0415103216D}.Debug|Any CPU.ActiveCfg = Debug|Any CPU
		{D76864E1-9B95-4519-B6B6-B0415103216D}.Debug|Any CPU.Build.0 = Debug|Any CPU
		{D76864E1-9B95-4519-B6B6-B0415103216D}.Debug|x64.ActiveCfg = Debug|Any CPU
		{D76864E1-9B95-4519-B6B6-B0415103216D}.Debug|x64.Build.0 = Debug|Any CPU
		{D76864E1-9B95-4519-B6B6-B0415103216D}.Debug|x86.ActiveCfg = Debug|Any CPU
		{D76864E1-9B95-4519-B6B6-B0415103216D}.Debug|x86.Build.0 = Debug|Any CPU
		{D76864E1-9B95-4519-B6B6-B0415103216D}.Release|Any CPU.ActiveCfg = Release|Any CPU
		{D76864E1-9B95-4519-B6B6-B0415103216D}.Release|Any CPU.Build.0 = Release|Any CPU
		{D76864E1-9B95-4519-B6B6-B0415103216D}.Release|x64.ActiveCfg = Release|Any CPU
		{D76864E1-9B95-4519-B6B6-B0415103216D}.Release|x64.Build.0 = Release|Any CPU
		{D76864E1-9B95-4519-B6B6-B0415103216D}.Release|x86.ActiveCfg = Release|Any CPU
		{D76864E1-9B95-4519-B6B6-B0415103216D}.Release|x86.Build.0 = Release|Any CPU
		{1B43338B-EDD7-4CC3-88F4-FFFC0D39D9D4}.Debug|Any CPU.ActiveCfg = Debug|Any CPU
		{1B43338B-EDD7-4CC3-88F4-FFFC0D39D9D4}.Debug|Any CPU.Build.0 = Debug|Any CPU
		{1B43338B-EDD7-4CC3-88F4-FFFC0D39D9D4}.Debug|x64.ActiveCfg = Debug|Any CPU
		{1B43338B-EDD7-4CC3-88F4-FFFC0D39D9D4}.Debug|x64.Build.0 = Debug|Any CPU
		{1B43338B-EDD7-4CC3-88F4-FFFC0D39D9D4}.Debug|x86.ActiveCfg = Debug|Any CPU
		{1B43338B-EDD7-4CC3-88F4-FFFC0D39D9D4}.Debug|x86.Build.0 = Debug|Any CPU
		{1B43338B-EDD7-4CC3-88F4-FFFC0D39D9D4}.Release|Any CPU.ActiveCfg = Release|Any CPU
		{1B43338B-EDD7-4CC3-88F4-FFFC0D39D9D4}.Release|Any CPU.Build.0 = Release|Any CPU
		{1B43338B-EDD7-4CC3-88F4-FFFC0D39D9D4}.Release|x64.ActiveCfg = Release|Any CPU
		{1B43338B-EDD7-4CC3-88F4-FFFC0D39D9D4}.Release|x64.Build.0 = Release|Any CPU
		{1B43338B-EDD7-4CC3-88F4-FFFC0D39D9D4}.Release|x86.ActiveCfg = Release|Any CPU
		{1B43338B-EDD7-4CC3-88F4-FFFC0D39D9D4}.Release|x86.Build.0 = Release|Any CPU
		{989C8DAB-6ADE-4EA8-996A-AE9306564E90}.Debug|Any CPU.ActiveCfg = Debug|Any CPU
		{989C8DAB-6ADE-4EA8-996A-AE9306564E90}.Debug|Any CPU.Build.0 = Debug|Any CPU
		{989C8DAB-6ADE-4EA8-996A-AE9306564E90}.Debug|x64.ActiveCfg = Debug|Any CPU
		{989C8DAB-6ADE-4EA8-996A-AE9306564E90}.Debug|x64.Build.0 = Debug|Any CPU
		{989C8DAB-6ADE-4EA8-996A-AE9306564E90}.Debug|x86.ActiveCfg = Debug|Any CPU
		{989C8DAB-6ADE-4EA8-996A-AE9306564E90}.Debug|x86.Build.0 = Debug|Any CPU
		{989C8DAB-6ADE-4EA8-996A-AE9306564E90}.Release|Any CPU.ActiveCfg = Release|Any CPU
		{989C8DAB-6ADE-4EA8-996A-AE9306564E90}.Release|Any CPU.Build.0 = Release|Any CPU
		{989C8DAB-6ADE-4EA8-996A-AE9306564E90}.Release|x64.ActiveCfg = Release|Any CPU
		{989C8DAB-6ADE-4EA8-996A-AE9306564E90}.Release|x64.Build.0 = Release|Any CPU
		{989C8DAB-6ADE-4EA8-996A-AE9306564E90}.Release|x86.ActiveCfg = Release|Any CPU
		{989C8DAB-6ADE-4EA8-996A-AE9306564E90}.Release|x86.Build.0 = Release|Any CPU
		{A4004675-6B60-4ED7-B83A-55C5DB7A6D56}.Debug|Any CPU.ActiveCfg = Debug|Any CPU
		{A4004675-6B60-4ED7-B83A-55C5DB7A6D56}.Debug|Any CPU.Build.0 = Debug|Any CPU
		{A4004675-6B60-4ED7-B83A-55C5DB7A6D56}.Debug|x64.ActiveCfg = Debug|Any CPU
		{A4004675-6B60-4ED7-B83A-55C5DB7A6D56}.Debug|x64.Build.0 = Debug|Any CPU
		{A4004675-6B60-4ED7-B83A-55C5DB7A6D56}.Debug|x86.ActiveCfg = Debug|Any CPU
		{A4004675-6B60-4ED7-B83A-55C5DB7A6D56}.Debug|x86.Build.0 = Debug|Any CPU
		{A4004675-6B60-4ED7-B83A-55C5DB7A6D56}.Release|Any CPU.ActiveCfg = Release|Any CPU
		{A4004675-6B60-4ED7-B83A-55C5DB7A6D56}.Release|Any CPU.Build.0 = Release|Any CPU
		{A4004675-6B60-4ED7-B83A-55C5DB7A6D56}.Release|x64.ActiveCfg = Release|Any CPU
		{A4004675-6B60-4ED7-B83A-55C5DB7A6D56}.Release|x64.Build.0 = Release|Any CPU
		{A4004675-6B60-4ED7-B83A-55C5DB7A6D56}.Release|x86.ActiveCfg = Release|Any CPU
		{A4004675-6B60-4ED7-B83A-55C5DB7A6D56}.Release|x86.Build.0 = Release|Any CPU
		{BCE0DDB5-7C8F-4FA5-8CDC-46BD3BD648D7}.Debug|Any CPU.ActiveCfg = Debug|Any CPU
		{BCE0DDB5-7C8F-4FA5-8CDC-46BD3BD648D7}.Debug|Any CPU.Build.0 = Debug|Any CPU
		{BCE0DDB5-7C8F-4FA5-8CDC-46BD3BD648D7}.Debug|x64.ActiveCfg = Debug|Any CPU
		{BCE0DDB5-7C8F-4FA5-8CDC-46BD3BD648D7}.Debug|x64.Build.0 = Debug|Any CPU
		{BCE0DDB5-7C8F-4FA5-8CDC-46BD3BD648D7}.Debug|x86.ActiveCfg = Debug|Any CPU
		{BCE0DDB5-7C8F-4FA5-8CDC-46BD3BD648D7}.Debug|x86.Build.0 = Debug|Any CPU
		{BCE0DDB5-7C8F-4FA5-8CDC-46BD3BD648D7}.Release|Any CPU.ActiveCfg = Release|Any CPU
		{BCE0DDB5-7C8F-4FA5-8CDC-46BD3BD648D7}.Release|Any CPU.Build.0 = Release|Any CPU
		{BCE0DDB5-7C8F-4FA5-8CDC-46BD3BD648D7}.Release|x64.ActiveCfg = Release|Any CPU
		{BCE0DDB5-7C8F-4FA5-8CDC-46BD3BD648D7}.Release|x64.Build.0 = Release|Any CPU
		{BCE0DDB5-7C8F-4FA5-8CDC-46BD3BD648D7}.Release|x86.ActiveCfg = Release|Any CPU
		{BCE0DDB5-7C8F-4FA5-8CDC-46BD3BD648D7}.Release|x86.Build.0 = Release|Any CPU
	EndGlobalSection
	GlobalSection(SolutionProperties) = preSolution
		HideSolutionNode = FALSE
	EndGlobalSection
	GlobalSection(NestedProjects) = preSolution
		{C8E42992-5E42-0C2B-DBFE-AA848D06431C} = {827E0CD3-B72D-47B6-A68D-7590B98EB39B}
		{CD5AEE3D-2B83-451E-B7AA-7C165D6685E0} = {C8E42992-5E42-0C2B-DBFE-AA848D06431C}
		{29224194-8C9B-4531-A6FC-686F76E621B7} = {C8E42992-5E42-0C2B-DBFE-AA848D06431C}
		{6736E4DC-A576-424D-8E71-FDC0407001B5} = {C8E42992-5E42-0C2B-DBFE-AA848D06431C}
		{981C2CF6-E5BB-602A-511C-234B538302B0} = {827E0CD3-B72D-47B6-A68D-7590B98EB39B}
		{066E1429-F5BC-46B2-89A4-37FC45667EF7} = {981C2CF6-E5BB-602A-511C-234B538302B0}
		{EC447DCF-ABFA-6E24-52A5-D7FD48A5C558} = {827E0CD3-B72D-47B6-A68D-7590B98EB39B}
		{E9D55F35-C373-3DD8-6914-3213F2F582A2} = {EC447DCF-ABFA-6E24-52A5-D7FD48A5C558}
		{707E10CC-7C94-4EC7-88F6-6C219207FAB8} = {E9D55F35-C373-3DD8-6914-3213F2F582A2}
		{91270CE6-F937-47F9-A69B-7C66C800B336} = {E9D55F35-C373-3DD8-6914-3213F2F582A2}
		{BFF0DDB2-E15A-4830-B848-F344992F38F4} = {E9D55F35-C373-3DD8-6914-3213F2F582A2}
		{27907D55-A44A-5A35-09B9-3AB81630FA56} = {EC447DCF-ABFA-6E24-52A5-D7FD48A5C558}
		{0A241CE1-2229-4D81-88C5-C27F2A18B4E4} = {27907D55-A44A-5A35-09B9-3AB81630FA56}
		{8B08A515-FB60-4916-B95E-90C2CD64D7AE} = {27907D55-A44A-5A35-09B9-3AB81630FA56}
		{874154F3-E597-4188-9FD0-D7B0A8867D27} = {27907D55-A44A-5A35-09B9-3AB81630FA56}
		{D2F8383C-F49B-E551-32D9-8814458A6CFF} = {EC447DCF-ABFA-6E24-52A5-D7FD48A5C558}
		{3429464F-4CA2-4BE8-917A-85FB5F581968} = {D2F8383C-F49B-E551-32D9-8814458A6CFF}
		{0D28E7C4-0E57-4B4F-BF99-5E4604A577E7} = {D2F8383C-F49B-E551-32D9-8814458A6CFF}
		{7CEF7EDC-D81C-41FA-B5B3-B13C796356DF} = {D2F8383C-F49B-E551-32D9-8814458A6CFF}
		{DDF7BF9C-A3C2-D9F4-F1D8-46671EA26A02} = {EC447DCF-ABFA-6E24-52A5-D7FD48A5C558}
		{B8E6D267-DE7E-4935-A119-6C81C315B9D1} = {DDF7BF9C-A3C2-D9F4-F1D8-46671EA26A02}
		{79769293-DB65-4D07-8C5C-7C18C8D7E21C} = {DDF7BF9C-A3C2-D9F4-F1D8-46671EA26A02}
		{60F4DDD4-D212-4FEE-81AA-F0A7F54BBEE7} = {DDF7BF9C-A3C2-D9F4-F1D8-46671EA26A02}
		{168C9317-FB28-2408-3100-20CFA97C32F3} = {EC447DCF-ABFA-6E24-52A5-D7FD48A5C558}
		{B8C436C3-F26A-4AA8-9AD8-173EA428739C} = {168C9317-FB28-2408-3100-20CFA97C32F3}
		{6C98A470-C33B-4C0C-822E-FAD813F7032C} = {168C9317-FB28-2408-3100-20CFA97C32F3}
		{3E933813-8206-4479-AC56-2F7D5808C72D} = {168C9317-FB28-2408-3100-20CFA97C32F3}
		{414B713F-FA25-1BA1-595D-DE7CD7CA5AA6} = {EC447DCF-ABFA-6E24-52A5-D7FD48A5C558}
		{AF931488-9CF7-4475-9AC3-7A0059E9D95D} = {414B713F-FA25-1BA1-595D-DE7CD7CA5AA6}
		{53C89DF8-2122-41D2-9CE8-DD1BCAD77EF6} = {414B713F-FA25-1BA1-595D-DE7CD7CA5AA6}
		{93EB282D-47F2-4D31-BED6-1F6DD790E30B} = {414B713F-FA25-1BA1-595D-DE7CD7CA5AA6}
		{AD9694EB-6942-0466-21B9-6932650ACE5B} = {EC447DCF-ABFA-6E24-52A5-D7FD48A5C558}
		{3663C75A-60E8-4864-932F-121EC5AD50D1} = {AD9694EB-6942-0466-21B9-6932650ACE5B}
		{087D2151-2663-4B05-91EA-BF76D404CD5D} = {AD9694EB-6942-0466-21B9-6932650ACE5B}
		{CF804811-4917-4147-B3DF-7441380A2EFC} = {AD9694EB-6942-0466-21B9-6932650ACE5B}
		{DE9DAF8A-E684-0FD3-FFDC-40D3E3158533} = {EC447DCF-ABFA-6E24-52A5-D7FD48A5C558}
		{1254DB07-060D-4CD9-B5E4-EE838AB7BAD6} = {DE9DAF8A-E684-0FD3-FFDC-40D3E3158533}
		{0FD4EC80-3F9F-4393-B823-630CBA6CDA8E} = {DE9DAF8A-E684-0FD3-FFDC-40D3E3158533}
		{20E11EC8-65D5-400E-9C94-3CB43E23D78B} = {DE9DAF8A-E684-0FD3-FFDC-40D3E3158533}
		{07FA420D-2907-57EF-713B-52CD3FBE2C68} = {EC447DCF-ABFA-6E24-52A5-D7FD48A5C558}
		{51E6DD79-7DAB-464D-AF6C-0CE21F0E3A20} = {07FA420D-2907-57EF-713B-52CD3FBE2C68}
		{AD18B599-2ABC-46FB-86D7-D7BBEDD18C5D} = {07FA420D-2907-57EF-713B-52CD3FBE2C68}
		{45BFB33C-C5E1-40D4-85EE-B71D030D3AE1} = {07FA420D-2907-57EF-713B-52CD3FBE2C68}
		{AE120A0E-5815-2D46-946C-DA544028AD88} = {EC447DCF-ABFA-6E24-52A5-D7FD48A5C558}
		{AE4DF5B9-EEF1-4BD9-8D61-61EA7287AB5B} = {AE120A0E-5815-2D46-946C-DA544028AD88}
		{D76864E1-9B95-4519-B6B6-B0415103216D} = {AE120A0E-5815-2D46-946C-DA544028AD88}
		{1B43338B-EDD7-4CC3-88F4-FFFC0D39D9D4} = {AE120A0E-5815-2D46-946C-DA544028AD88}
		{F0F0C51C-F6A5-8ED5-E07B-23BB77F4B418} = {EC447DCF-ABFA-6E24-52A5-D7FD48A5C558}
		{989C8DAB-6ADE-4EA8-996A-AE9306564E90} = {F0F0C51C-F6A5-8ED5-E07B-23BB77F4B418}
		{A4004675-6B60-4ED7-B83A-55C5DB7A6D56} = {F0F0C51C-F6A5-8ED5-E07B-23BB77F4B418}
		{BCE0DDB5-7C8F-4FA5-8CDC-46BD3BD648D7} = {F0F0C51C-F6A5-8ED5-E07B-23BB77F4B418}
	EndGlobalSection
EndGlobal
